PODS:
  - FSCalendar (2.8.2)
  - SwiftLint (0.47.1)

DEPENDENCIES:
  - FSCalendar
  - SwiftLint

SPEC REPOS:
  trunk:
    - FSCalendar
    - SwiftLint

SPEC CHECKSUMS:
  FSCalendar: e6a2eb9c571bf0719ed797ef807e08426753c241
  SwiftLint: f80f1be7fa96d30e0aa68e58d45d4ea1ccaac519

PODFILE CHECKSUM: ae8e3dee5f9cf0a2da13b4568495ca25980c5133

COCOAPODS: 1.11.3
