// !$*UTF8*$!
{
	archiveVersion = 1;
	classes = {
	};
	objectVersion = 51;
	objects = {

/* Begin PBXBuildFile section */
		97245122BB9E9398D5CCE1B1 /* Pods_Habits.framework in Frameworks */ = {isa = PBXBuildFile; fileRef = A59ED1E17769B6AFAEABA686 /* Pods_Habits.framework */; };
		FA1C7306263636D800E63CBE /* AppDelegate.swift in Sources */ = {isa = PBXBuildFile; fileRef = FA1C7305263636D800E63CBE /* AppDelegate.swift */; };
		FA1C7308263636D800E63CBE /* SceneDelegate.swift in Sources */ = {isa = PBXBuildFile; fileRef = FA1C7307263636D800E63CBE /* SceneDelegate.swift */; };
		FA1C730A263636D800E63CBE /* ViewController.swift in Sources */ = {isa = PBXBuildFile; fileRef = FA1C7309263636D800E63CBE /* ViewController.swift */; };
		FA1C730F263636DA00E63CBE /* Assets.xcassets in Resources */ = {isa = PBXBuildFile; fileRef = FA1C730E263636DA00E63CBE /* Assets.xcassets */; };
		FA1C73242636406300E63CBE /* HabitVC.swift in Sources */ = {isa = PBXBuildFile; fileRef = FA1C73232636406300E63CBE /* HabitVC.swift */; };
		FA1C73292636491A00E63CBE /* HabitCell.swift in Sources */ = {isa = PBXBuildFile; fileRef = FA1C73282636491A00E63CBE /* HabitCell.swift */; };
		FA1C732C263656BC00E63CBE /* AddHabitVC.swift in Sources */ = {isa = PBXBuildFile; fileRef = FA1C732B263656BC00E63CBE /* AddHabitVC.swift */; };
		FA1C733026365AFC00E63CBE /* BodyLabel.swift in Sources */ = {isa = PBXBuildFile; fileRef = FA1C732F26365AFC00E63CBE /* BodyLabel.swift */; };
		FA1C733426365CFA00E63CBE /* TitleLabel.swift in Sources */ = {isa = PBXBuildFile; fileRef = FA1C733326365CFA00E63CBE /* TitleLabel.swift */; };
		FA1C733826379DDE00E63CBE /* ColorButton.swift in Sources */ = {isa = PBXBuildFile; fileRef = FA1C733726379DDE00E63CBE /* ColorButton.swift */; };
		FA1C73432637CD3E00E63CBE /* TableCellView.swift in Sources */ = {isa = PBXBuildFile; fileRef = FA1C73422637CD3E00E63CBE /* TableCellView.swift */; };
		FA212C4A2639181000BFDA3F /* HabitTextField.swift in Sources */ = {isa = PBXBuildFile; fileRef = FA212C492639181000BFDA3F /* HabitTextField.swift */; };
		FA212C4D263A3DE000BFDA3F /* HabitData.swift in Sources */ = {isa = PBXBuildFile; fileRef = FA212C4C263A3DE000BFDA3F /* HabitData.swift */; };
		FA212C4F263E303100BFDA3F /* HabitDetailsVC.swift in Sources */ = {isa = PBXBuildFile; fileRef = FA212C4E263E303100BFDA3F /* HabitDetailsVC.swift */; };
		FA212C5826450A9300BFDA3F /* Gradients.swift in Sources */ = {isa = PBXBuildFile; fileRef = FA212C5726450A9300BFDA3F /* Gradients.swift */; };
		FAF4E6CB2648F30B0029E50D /* DatePicker.swift in Sources */ = {isa = PBXBuildFile; fileRef = FAF4E6CA2648F30B0029E50D /* DatePicker.swift */; };
		FAF4E6CD26493FF50029E50D /* DateSwitch.swift in Sources */ = {isa = PBXBuildFile; fileRef = FAF4E6CC26493FF50029E50D /* DateSwitch.swift */; };
		FAF4E6D2264A30BD0029E50D /* UIView + Ext.swift in Sources */ = {isa = PBXBuildFile; fileRef = FAF4E6D1264A30BD0029E50D /* UIView + Ext.swift */; };
		FAF4E6D8264A47B90029E50D /* MenuView.swift in Sources */ = {isa = PBXBuildFile; fileRef = FAF4E6D7264A47B90029E50D /* MenuView.swift */; };
		FAF4E6DA264A48EC0029E50D /* MenuTableViewCell.swift in Sources */ = {isa = PBXBuildFile; fileRef = FAF4E6D9264A48EC0029E50D /* MenuTableViewCell.swift */; };
		FAF4E6DC265222320029E50D /* UserNotifications.swift in Sources */ = {isa = PBXBuildFile; fileRef = FAF4E6DB265222320029E50D /* UserNotifications.swift */; };
		FAF4E6E226537DEF0029E50D /* DayLabel.swift in Sources */ = {isa = PBXBuildFile; fileRef = FAF4E6E126537DEF0029E50D /* DayLabel.swift */; };
		FAF4E6E426549DDC0029E50D /* DayButton.swift in Sources */ = {isa = PBXBuildFile; fileRef = FAF4E6E326549DDC0029E50D /* DayButton.swift */; };
		FAF4E6E6265608830029E50D /* EmptyStateView.swift in Sources */ = {isa = PBXBuildFile; fileRef = FAF4E6E5265608830029E50D /* EmptyStateView.swift */; };
		FAF4E6E8265616190029E50D /* DividerView.swift in Sources */ = {isa = PBXBuildFile; fileRef = FAF4E6E7265616190029E50D /* DividerView.swift */; };
/* End PBXBuildFile section */

/* Begin PBXFileReference section */
		502CE0D9ED9B0AEE20042F30 /* Pods-Habits.release.xcconfig */ = {isa = PBXFileReference; includeInIndex = 1; lastKnownFileType = text.xcconfig; name = "Pods-Habits.release.xcconfig"; path = "Target Support Files/Pods-Habits/Pods-Habits.release.xcconfig"; sourceTree = "<group>"; };
		A59ED1E17769B6AFAEABA686 /* Pods_Habits.framework */ = {isa = PBXFileReference; explicitFileType = wrapper.framework; includeInIndex = 0; path = Pods_Habits.framework; sourceTree = BUILT_PRODUCTS_DIR; };
		FA1C7302263636D800E63CBE /* Habits.app */ = {isa = PBXFileReference; explicitFileType = wrapper.application; includeInIndex = 0; path = Habits.app; sourceTree = BUILT_PRODUCTS_DIR; };
		FA1C7305263636D800E63CBE /* AppDelegate.swift */ = {isa = PBXFileReference; lastKnownFileType = sourcecode.swift; path = AppDelegate.swift; sourceTree = "<group>"; };
		FA1C7307263636D800E63CBE /* SceneDelegate.swift */ = {isa = PBXFileReference; lastKnownFileType = sourcecode.swift; path = SceneDelegate.swift; sourceTree = "<group>"; };
		FA1C7309263636D800E63CBE /* ViewController.swift */ = {isa = PBXFileReference; lastKnownFileType = sourcecode.swift; path = ViewController.swift; sourceTree = "<group>"; };
		FA1C730E263636DA00E63CBE /* Assets.xcassets */ = {isa = PBXFileReference; lastKnownFileType = folder.assetcatalog; path = Assets.xcassets; sourceTree = "<group>"; };
		FA1C7313263636DA00E63CBE /* Info.plist */ = {isa = PBXFileReference; lastKnownFileType = text.plist.xml; path = Info.plist; sourceTree = "<group>"; };
		FA1C73232636406300E63CBE /* HabitVC.swift */ = {isa = PBXFileReference; lastKnownFileType = sourcecode.swift; path = HabitVC.swift; sourceTree = "<group>"; };
		FA1C73282636491A00E63CBE /* HabitCell.swift */ = {isa = PBXFileReference; lastKnownFileType = sourcecode.swift; path = HabitCell.swift; sourceTree = "<group>"; };
		FA1C732B263656BC00E63CBE /* AddHabitVC.swift */ = {isa = PBXFileReference; lastKnownFileType = sourcecode.swift; path = AddHabitVC.swift; sourceTree = "<group>"; };
		FA1C732F26365AFC00E63CBE /* BodyLabel.swift */ = {isa = PBXFileReference; lastKnownFileType = sourcecode.swift; path = BodyLabel.swift; sourceTree = "<group>"; };
		FA1C733326365CFA00E63CBE /* TitleLabel.swift */ = {isa = PBXFileReference; lastKnownFileType = sourcecode.swift; path = TitleLabel.swift; sourceTree = "<group>"; };
		FA1C733726379DDE00E63CBE /* ColorButton.swift */ = {isa = PBXFileReference; lastKnownFileType = sourcecode.swift; path = ColorButton.swift; sourceTree = "<group>"; };
		FA1C73422637CD3E00E63CBE /* TableCellView.swift */ = {isa = PBXFileReference; lastKnownFileType = sourcecode.swift; path = TableCellView.swift; sourceTree = "<group>"; };
		FA212C492639181000BFDA3F /* HabitTextField.swift */ = {isa = PBXFileReference; lastKnownFileType = sourcecode.swift; path = HabitTextField.swift; sourceTree = "<group>"; };
		FA212C4C263A3DE000BFDA3F /* HabitData.swift */ = {isa = PBXFileReference; lastKnownFileType = sourcecode.swift; path = HabitData.swift; sourceTree = "<group>"; };
		FA212C4E263E303100BFDA3F /* HabitDetailsVC.swift */ = {isa = PBXFileReference; lastKnownFileType = sourcecode.swift; path = HabitDetailsVC.swift; sourceTree = "<group>"; };
		FA212C5726450A9300BFDA3F /* Gradients.swift */ = {isa = PBXFileReference; lastKnownFileType = sourcecode.swift; path = Gradients.swift; sourceTree = "<group>"; };
		FAF4E6CA2648F30B0029E50D /* DatePicker.swift */ = {isa = PBXFileReference; lastKnownFileType = sourcecode.swift; path = DatePicker.swift; sourceTree = "<group>"; };
		FAF4E6CC26493FF50029E50D /* DateSwitch.swift */ = {isa = PBXFileReference; lastKnownFileType = sourcecode.swift; path = DateSwitch.swift; sourceTree = "<group>"; };
		FAF4E6D1264A30BD0029E50D /* UIView + Ext.swift */ = {isa = PBXFileReference; lastKnownFileType = sourcecode.swift; path = "UIView + Ext.swift"; sourceTree = "<group>"; };
		FAF4E6D7264A47B90029E50D /* MenuView.swift */ = {isa = PBXFileReference; lastKnownFileType = sourcecode.swift; path = MenuView.swift; sourceTree = "<group>"; };
		FAF4E6D9264A48EC0029E50D /* MenuTableViewCell.swift */ = {isa = PBXFileReference; lastKnownFileType = sourcecode.swift; path = MenuTableViewCell.swift; sourceTree = "<group>"; };
		FAF4E6DB265222320029E50D /* UserNotifications.swift */ = {isa = PBXFileReference; lastKnownFileType = sourcecode.swift; path = UserNotifications.swift; sourceTree = "<group>"; };
		FAF4E6E126537DEF0029E50D /* DayLabel.swift */ = {isa = PBXFileReference; lastKnownFileType = sourcecode.swift; path = DayLabel.swift; sourceTree = "<group>"; };
		FAF4E6E326549DDC0029E50D /* DayButton.swift */ = {isa = PBXFileReference; lastKnownFileType = sourcecode.swift; path = DayButton.swift; sourceTree = "<group>"; };
		FAF4E6E5265608830029E50D /* EmptyStateView.swift */ = {isa = PBXFileReference; lastKnownFileType = sourcecode.swift; path = EmptyStateView.swift; sourceTree = "<group>"; };
		FAF4E6E7265616190029E50D /* DividerView.swift */ = {isa = PBXFileReference; lastKnownFileType = sourcecode.swift; path = DividerView.swift; sourceTree = "<group>"; };
		FB7F27FC05DA56D0BD8F3CE8 /* Pods-Habits.debug.xcconfig */ = {isa = PBXFileReference; includeInIndex = 1; lastKnownFileType = text.xcconfig; name = "Pods-Habits.debug.xcconfig"; path = "Target Support Files/Pods-Habits/Pods-Habits.debug.xcconfig"; sourceTree = "<group>"; };
/* End PBXFileReference section */

/* Begin PBXFrameworksBuildPhase section */
		FA1C72FF263636D800E63CBE /* Frameworks */ = {
			isa = PBXFrameworksBuildPhase;
			buildActionMask = 2147483647;
			files = (
				97245122BB9E9398D5CCE1B1 /* Pods_Habits.framework in Frameworks */,
			);
			runOnlyForDeploymentPostprocessing = 0;
		};
/* End PBXFrameworksBuildPhase section */

/* Begin PBXGroup section */
		09FFE7EF20AE1EE7DBB5F9BB /* Frameworks */ = {
			isa = PBXGroup;
			children = (
				A59ED1E17769B6AFAEABA686 /* Pods_Habits.framework */,
			);
			name = Frameworks;
			sourceTree = "<group>";
		};
		5180F2F320F2E13B5D7C6324 /* Pods */ = {
			isa = PBXGroup;
			children = (
				FB7F27FC05DA56D0BD8F3CE8 /* Pods-Habits.debug.xcconfig */,
				502CE0D9ED9B0AEE20042F30 /* Pods-Habits.release.xcconfig */,
			);
			path = Pods;
			sourceTree = "<group>";
		};
		FA1C72F9263636D800E63CBE = {
			isa = PBXGroup;
			children = (
				FA1C7304263636D800E63CBE /* Habits */,
				FA1C7303263636D800E63CBE /* Products */,
				5180F2F320F2E13B5D7C6324 /* Pods */,
				09FFE7EF20AE1EE7DBB5F9BB /* Frameworks */,
			);
			sourceTree = "<group>";
		};
		FA1C7303263636D800E63CBE /* Products */ = {
			isa = PBXGroup;
			children = (
				FA1C7302263636D800E63CBE /* Habits.app */,
			);
			name = Products;
			sourceTree = "<group>";
		};
		FA1C7304263636D800E63CBE /* Habits */ = {
			isa = PBXGroup;
			children = (
				FAF4E6D0264A309E0029E50D /* Extensions */,
				FA212C4B263A3DCD00BFDA3F /* Model */,
				FA212C48263917FE00BFDA3F /* TextFields */,
				FA1C73412637CD1C00E63CBE /* Views */,
				FA1C733626379DC900E63CBE /* Buttons */,
				FA1C732E263659D100E63CBE /* Labels */,
				FA1C7327263648F400E63CBE /* Cells */,
				FA1C73222636404500E63CBE /* Screens */,
				FA1C731D263638A500E63CBE /* TabBarController */,
				FA1C7305263636D800E63CBE /* AppDelegate.swift */,
				FA1C7307263636D800E63CBE /* SceneDelegate.swift */,
				FA1C7309263636D800E63CBE /* ViewController.swift */,
				FA1C730E263636DA00E63CBE /* Assets.xcassets */,
				FA1C7313263636DA00E63CBE /* Info.plist */,
			);
			path = Habits;
			sourceTree = "<group>";
		};
		FA1C731D263638A500E63CBE /* TabBarController */ = {
			isa = PBXGroup;
			children = (
			);
			path = TabBarController;
			sourceTree = "<group>";
		};
		FA1C73222636404500E63CBE /* Screens */ = {
			isa = PBXGroup;
			children = (
				FA1C73232636406300E63CBE /* HabitVC.swift */,
				FA1C732B263656BC00E63CBE /* AddHabitVC.swift */,
				FA212C4E263E303100BFDA3F /* HabitDetailsVC.swift */,
				FAF4E6D7264A47B90029E50D /* MenuView.swift */,
				FAF4E6E5265608830029E50D /* EmptyStateView.swift */,
			);
			path = Screens;
			sourceTree = "<group>";
		};
		FA1C7327263648F400E63CBE /* Cells */ = {
			isa = PBXGroup;
			children = (
				FAF4E6D9264A48EC0029E50D /* MenuTableViewCell.swift */,
				FA1C73282636491A00E63CBE /* HabitCell.swift */,
			);
			path = Cells;
			sourceTree = "<group>";
		};
		FA1C732E263659D100E63CBE /* Labels */ = {
			isa = PBXGroup;
			children = (
				FA1C732F26365AFC00E63CBE /* BodyLabel.swift */,
				FA1C733326365CFA00E63CBE /* TitleLabel.swift */,
				FAF4E6E126537DEF0029E50D /* DayLabel.swift */,
			);
			path = Labels;
			sourceTree = "<group>";
		};
		FA1C733626379DC900E63CBE /* Buttons */ = {
			isa = PBXGroup;
			children = (
				FA1C733726379DDE00E63CBE /* ColorButton.swift */,
				FAF4E6E326549DDC0029E50D /* DayButton.swift */,
			);
			path = Buttons;
			sourceTree = "<group>";
		};
		FA1C73412637CD1C00E63CBE /* Views */ = {
			isa = PBXGroup;
			children = (
				FA1C73422637CD3E00E63CBE /* TableCellView.swift */,
				FAF4E6E7265616190029E50D /* DividerView.swift */,
			);
			path = Views;
			sourceTree = "<group>";
		};
		FA212C48263917FE00BFDA3F /* TextFields */ = {
			isa = PBXGroup;
			children = (
				FA212C492639181000BFDA3F /* HabitTextField.swift */,
			);
			path = TextFields;
			sourceTree = "<group>";
		};
		FA212C4B263A3DCD00BFDA3F /* Model */ = {
			isa = PBXGroup;
			children = (
				FA212C4C263A3DE000BFDA3F /* HabitData.swift */,
				FA212C5726450A9300BFDA3F /* Gradients.swift */,
				FAF4E6CA2648F30B0029E50D /* DatePicker.swift */,
				FAF4E6CC26493FF50029E50D /* DateSwitch.swift */,
				FAF4E6DB265222320029E50D /* UserNotifications.swift */,
			);
			path = Model;
			sourceTree = "<group>";
		};
		FAF4E6D0264A309E0029E50D /* Extensions */ = {
			isa = PBXGroup;
			children = (
				FAF4E6D1264A30BD0029E50D /* UIView + Ext.swift */,
			);
			path = Extensions;
			sourceTree = "<group>";
		};
/* End PBXGroup section */

/* Begin PBXNativeTarget section */
		FA1C7301263636D800E63CBE /* Habits */ = {
			isa = PBXNativeTarget;
			buildConfigurationList = FA1C7316263636DA00E63CBE /* Build configuration list for PBXNativeTarget "Habits" */;
			buildPhases = (
				90793C217D6EFDEE8127172B /* [CP] Check Pods Manifest.lock */,
				FA1C72FE263636D800E63CBE /* Sources */,
				FA1C72FF263636D800E63CBE /* Frameworks */,
				FA1C7300263636D800E63CBE /* Resources */,
				62DC3238FE95CE11CAA000CB /* [CP] Embed Pods Frameworks */,
			);
			buildRules = (
			);
			dependencies = (
			);
			name = Habits;
			productName = Habits;
			productReference = FA1C7302263636D800E63CBE /* Habits.app */;
			productType = "com.apple.product-type.application";
		};
/* End PBXNativeTarget section */

/* Begin PBXProject section */
		FA1C72FA263636D800E63CBE /* Project object */ = {
			isa = PBXProject;
			attributes = {
				LastSwiftUpdateCheck = 1240;
				LastUpgradeCheck = 1240;
				TargetAttributes = {
					FA1C7301263636D800E63CBE = {
						CreatedOnToolsVersion = 12.4;
					};
				};
			};
			buildConfigurationList = FA1C72FD263636D800E63CBE /* Build configuration list for PBXProject "Habits" */;
			compatibilityVersion = "Xcode 9.3";
			developmentRegion = en;
			hasScannedForEncodings = 0;
			knownRegions = (
				en,
				Base,
			);
			mainGroup = FA1C72F9263636D800E63CBE;
			productRefGroup = FA1C7303263636D800E63CBE /* Products */;
			projectDirPath = "";
			projectRoot = "";
			targets = (
				FA1C7301263636D800E63CBE /* Habits */,
			);
		};
/* End PBXProject section */

/* Begin PBXResourcesBuildPhase section */
		FA1C7300263636D800E63CBE /* Resources */ = {
			isa = PBXResourcesBuildPhase;
			buildActionMask = 2147483647;
			files = (
				FA1C730F263636DA00E63CBE /* Assets.xcassets in Resources */,
			);
			runOnlyForDeploymentPostprocessing = 0;
		};
/* End PBXResourcesBuildPhase section */

/* Begin PBXShellScriptBuildPhase section */
		62DC3238FE95CE11CAA000CB /* [CP] Embed Pods Frameworks */ = {
			isa = PBXShellScriptBuildPhase;
			buildActionMask = 2147483647;
			files = (
			);
			inputFileListPaths = (
				"${PODS_ROOT}/Target Support Files/Pods-Habits/Pods-Habits-frameworks-${CONFIGURATION}-input-files.xcfilelist",
			);
			name = "[CP] Embed Pods Frameworks";
			outputFileListPaths = (
				"${PODS_ROOT}/Target Support Files/Pods-Habits/Pods-Habits-frameworks-${CONFIGURATION}-output-files.xcfilelist",
			);
			runOnlyForDeploymentPostprocessing = 0;
			shellPath = /bin/sh;
			shellScript = "\"${PODS_ROOT}/Target Support Files/Pods-Habits/Pods-Habits-frameworks.sh\"\n";
			showEnvVarsInLog = 0;
		};
		90793C217D6EFDEE8127172B /* [CP] Check Pods Manifest.lock */ = {
			isa = PBXShellScriptBuildPhase;
			buildActionMask = 2147483647;
			files = (
			);
			inputFileListPaths = (
			);
			inputPaths = (
				"${PODS_PODFILE_DIR_PATH}/Podfile.lock",
				"${PODS_ROOT}/Manifest.lock",
			);
			name = "[CP] Check Pods Manifest.lock";
			outputFileListPaths = (
			);
			outputPaths = (
				"$(DERIVED_FILE_DIR)/Pods-Habits-checkManifestLockResult.txt",
			);
			runOnlyForDeploymentPostprocessing = 0;
			shellPath = /bin/sh;
			shellScript = "diff \"${PODS_PODFILE_DIR_PATH}/Podfile.lock\" \"${PODS_ROOT}/Manifest.lock\" > /dev/null\nif [ $? != 0 ] ; then\n    # print error to STDERR\n    echo \"error: The sandbox is not in sync with the Podfile.lock. Run 'pod install' or update your CocoaPods installation.\" >&2\n    exit 1\nfi\n# This output is used by Xcode 'outputs' to avoid re-running this script phase.\necho \"SUCCESS\" > \"${SCRIPT_OUTPUT_FILE_0}\"\n";
			showEnvVarsInLog = 0;
		};
/* End PBXShellScriptBuildPhase section */

/* Begin PBXSourcesBuildPhase section */
		FA1C72FE263636D800E63CBE /* Sources */ = {
			isa = PBXSourcesBuildPhase;
			buildActionMask = 2147483647;
			files = (
				FA212C4F263E303100BFDA3F /* HabitDetailsVC.swift in Sources */,
				FA1C733026365AFC00E63CBE /* BodyLabel.swift in Sources */,
				FAF4E6E6265608830029E50D /* EmptyStateView.swift in Sources */,
				FAF4E6DA264A48EC0029E50D /* MenuTableViewCell.swift in Sources */,
				FAF4E6D2264A30BD0029E50D /* UIView + Ext.swift in Sources */,
				FAF4E6E226537DEF0029E50D /* DayLabel.swift in Sources */,
				FA1C73242636406300E63CBE /* HabitVC.swift in Sources */,
				FAF4E6DC265222320029E50D /* UserNotifications.swift in Sources */,
				FAF4E6D8264A47B90029E50D /* MenuView.swift in Sources */,
				FA1C730A263636D800E63CBE /* ViewController.swift in Sources */,
				FA1C73292636491A00E63CBE /* HabitCell.swift in Sources */,
				FAF4E6CD26493FF50029E50D /* DateSwitch.swift in Sources */,
				FAF4E6CB2648F30B0029E50D /* DatePicker.swift in Sources */,
				FA1C7306263636D800E63CBE /* AppDelegate.swift in Sources */,
				FA1C733426365CFA00E63CBE /* TitleLabel.swift in Sources */,
				FA212C4A2639181000BFDA3F /* HabitTextField.swift in Sources */,
				FA1C733826379DDE00E63CBE /* ColorButton.swift in Sources */,
				FA1C732C263656BC00E63CBE /* AddHabitVC.swift in Sources */,
				FA1C73432637CD3E00E63CBE /* TableCellView.swift in Sources */,
				FA212C4D263A3DE000BFDA3F /* HabitData.swift in Sources */,
				FA1C7308263636D800E63CBE /* SceneDelegate.swift in Sources */,
				FAF4E6E426549DDC0029E50D /* DayButton.swift in Sources */,
				FAF4E6E8265616190029E50D /* DividerView.swift in Sources */,
				FA212C5826450A9300BFDA3F /* Gradients.swift in Sources */,
			);
			runOnlyForDeploymentPostprocessing = 0;
		};
/* End PBXSourcesBuildPhase section */

/* Begin XCBuildConfiguration section */
		FA1C7314263636DA00E63CBE /* Debug */ = {
			isa = XCBuildConfiguration;
			buildSettings = {
				ALWAYS_SEARCH_USER_PATHS = NO;
				CLANG_ANALYZER_NONNULL = YES;
				CLANG_ANALYZER_NUMBER_OBJECT_CONVERSION = YES_AGGRESSIVE;
				CLANG_CXX_LANGUAGE_STANDARD = "gnu++14";
				CLANG_CXX_LIBRARY = "libc++";
				CLANG_ENABLE_MODULES = YES;
				CLANG_ENABLE_OBJC_ARC = YES;
				CLANG_ENABLE_OBJC_WEAK = YES;
				CLANG_WARN_BLOCK_CAPTURE_AUTORELEASING = YES;
				CLANG_WARN_BOOL_CONVERSION = YES;
				CLANG_WARN_COMMA = YES;
				CLANG_WARN_CONSTANT_CONVERSION = YES;
				CLANG_WARN_DEPRECATED_OBJC_IMPLEMENTATIONS = YES;
				CLANG_WARN_DIRECT_OBJC_ISA_USAGE = YES_ERROR;
				CLANG_WARN_DOCUMENTATION_COMMENTS = YES;
				CLANG_WARN_EMPTY_BODY = YES;
				CLANG_WARN_ENUM_CONVERSION = YES;
				CLANG_WARN_INFINITE_RECURSION = YES;
				CLANG_WARN_INT_CONVERSION = YES;
				CLANG_WARN_NON_LITERAL_NULL_CONVERSION = YES;
				CLANG_WARN_OBJC_IMPLICIT_RETAIN_SELF = YES;
				CLANG_WARN_OBJC_LITERAL_CONVERSION = YES;
				CLANG_WARN_OBJC_ROOT_CLASS = YES_ERROR;
				CLANG_WARN_QUOTED_INCLUDE_IN_FRAMEWORK_HEADER = YES;
				CLANG_WARN_RANGE_LOOP_ANALYSIS = YES;
				CLANG_WARN_STRICT_PROTOTYPES = YES;
				CLANG_WARN_SUSPICIOUS_MOVE = YES;
				CLANG_WARN_UNGUARDED_AVAILABILITY = YES_AGGRESSIVE;
				CLANG_WARN_UNREACHABLE_CODE = YES;
				CLANG_WARN__DUPLICATE_METHOD_MATCH = YES;
				COPY_PHASE_STRIP = NO;
				DEBUG_INFORMATION_FORMAT = dwarf;
				ENABLE_STRICT_OBJC_MSGSEND = YES;
				ENABLE_TESTABILITY = YES;
				GCC_C_LANGUAGE_STANDARD = gnu11;
				GCC_DYNAMIC_NO_PIC = NO;
				GCC_NO_COMMON_BLOCKS = YES;
				GCC_OPTIMIZATION_LEVEL = 0;
				GCC_PREPROCESSOR_DEFINITIONS = (
					"DEBUG=1",
					"$(inherited)",
				);
				GCC_WARN_64_TO_32_BIT_CONVERSION = YES;
				GCC_WARN_ABOUT_RETURN_TYPE = YES_ERROR;
				GCC_WARN_UNDECLARED_SELECTOR = YES;
				GCC_WARN_UNINITIALIZED_AUTOS = YES_AGGRESSIVE;
				GCC_WARN_UNUSED_FUNCTION = YES;
				GCC_WARN_UNUSED_VARIABLE = YES;
				IPHONEOS_DEPLOYMENT_TARGET = 14.4;
				MTL_ENABLE_DEBUG_INFO = INCLUDE_SOURCE;
				MTL_FAST_MATH = YES;
				ONLY_ACTIVE_ARCH = YES;
				SDKROOT = iphoneos;
				SWIFT_ACTIVE_COMPILATION_CONDITIONS = DEBUG;
				SWIFT_OPTIMIZATION_LEVEL = "-Onone";
			};
			name = Debug;
		};
		FA1C7315263636DA00E63CBE /* Release */ = {
			isa = XCBuildConfiguration;
			buildSettings = {
				ALWAYS_SEARCH_USER_PATHS = NO;
				CLANG_ANALYZER_NONNULL = YES;
				CLANG_ANALYZER_NUMBER_OBJECT_CONVERSION = YES_AGGRESSIVE;
				CLANG_CXX_LANGUAGE_STANDARD = "gnu++14";
				CLANG_CXX_LIBRARY = "libc++";
				CLANG_ENABLE_MODULES = YES;
				CLANG_ENABLE_OBJC_ARC = YES;
				CLANG_ENABLE_OBJC_WEAK = YES;
				CLANG_WARN_BLOCK_CAPTURE_AUTORELEASING = YES;
				CLANG_WARN_BOOL_CONVERSION = YES;
				CLANG_WARN_COMMA = YES;
				CLANG_WARN_CONSTANT_CONVERSION = YES;
				CLANG_WARN_DEPRECATED_OBJC_IMPLEMENTATIONS = YES;
				CLANG_WARN_DIRECT_OBJC_ISA_USAGE = YES_ERROR;
				CLANG_WARN_DOCUMENTATION_COMMENTS = YES;
				CLANG_WARN_EMPTY_BODY = YES;
				CLANG_WARN_ENUM_CONVERSION = YES;
				CLANG_WARN_INFINITE_RECURSION = YES;
				CLANG_WARN_INT_CONVERSION = YES;
				CLANG_WARN_NON_LITERAL_NULL_CONVERSION = YES;
				CLANG_WARN_OBJC_IMPLICIT_RETAIN_SELF = YES;
				CLANG_WARN_OBJC_LITERAL_CONVERSION = YES;
				CLANG_WARN_OBJC_ROOT_CLASS = YES_ERROR;
				CLANG_WARN_QUOTED_INCLUDE_IN_FRAMEWORK_HEADER = YES;
				CLANG_WARN_RANGE_LOOP_ANALYSIS = YES;
				CLANG_WARN_STRICT_PROTOTYPES = YES;
				CLANG_WARN_SUSPICIOUS_MOVE = YES;
				CLANG_WARN_UNGUARDED_AVAILABILITY = YES_AGGRESSIVE;
				CLANG_WARN_UNREACHABLE_CODE = YES;
				CLANG_WARN__DUPLICATE_METHOD_MATCH = YES;
				COPY_PHASE_STRIP = NO;
				DEBUG_INFORMATION_FORMAT = "dwarf-with-dsym";
				ENABLE_NS_ASSERTIONS = NO;
				ENABLE_STRICT_OBJC_MSGSEND = YES;
				GCC_C_LANGUAGE_STANDARD = gnu11;
				GCC_NO_COMMON_BLOCKS = YES;
				GCC_WARN_64_TO_32_BIT_CONVERSION = YES;
				GCC_WARN_ABOUT_RETURN_TYPE = YES_ERROR;
				GCC_WARN_UNDECLARED_SELECTOR = YES;
				GCC_WARN_UNINITIALIZED_AUTOS = YES_AGGRESSIVE;
				GCC_WARN_UNUSED_FUNCTION = YES;
				GCC_WARN_UNUSED_VARIABLE = YES;
				IPHONEOS_DEPLOYMENT_TARGET = 14.4;
				MTL_ENABLE_DEBUG_INFO = NO;
				MTL_FAST_MATH = YES;
				SDKROOT = iphoneos;
				SWIFT_COMPILATION_MODE = wholemodule;
				SWIFT_OPTIMIZATION_LEVEL = "-O";
				VALIDATE_PRODUCT = YES;
			};
			name = Release;
		};
		FA1C7317263636DA00E63CBE /* Debug */ = {
			isa = XCBuildConfiguration;
			baseConfigurationReference = FB7F27FC05DA56D0BD8F3CE8 /* Pods-Habits.debug.xcconfig */;
			buildSettings = {
				ASSETCATALOG_COMPILER_APPICON_NAME = AppIcon;
				ASSETCATALOG_COMPILER_GLOBAL_ACCENT_COLOR_NAME = AccentColor;
				CODE_SIGN_STYLE = Automatic;
				DEVELOPMENT_TEAM = R8V696537A;
				INFOPLIST_FILE = Habits/Info.plist;
				LD_RUNPATH_SEARCH_PATHS = (
					"$(inherited)",
					"@executable_path/Frameworks",
				);
				PRODUCT_BUNDLE_IDENTIFIER = com.AlexThompson.Habits;
				PRODUCT_NAME = "$(TARGET_NAME)";
				SWIFT_VERSION = 5.0;
				TARGETED_DEVICE_FAMILY = 1;
			};
			name = Debug;
		};
		FA1C7318263636DA00E63CBE /* Release */ = {
			isa = XCBuildConfiguration;
			baseConfigurationReference = 502CE0D9ED9B0AEE20042F30 /* Pods-Habits.release.xcconfig */;
			buildSettings = {
				ASSETCATALOG_COMPILER_APPICON_NAME = AppIcon;
				ASSETCATALOG_COMPILER_GLOBAL_ACCENT_COLOR_NAME = AccentColor;
				CODE_SIGN_STYLE = Automatic;
				DEVELOPMENT_TEAM = R8V696537A;
				INFOPLIST_FILE = Habits/Info.plist;
				LD_RUNPATH_SEARCH_PATHS = (
					"$(inherited)",
					"@executable_path/Frameworks",
				);
				PRODUCT_BUNDLE_IDENTIFIER = com.AlexThompson.Habits;
				PRODUCT_NAME = "$(TARGET_NAME)";
				SWIFT_VERSION = 5.0;
				TARGETED_DEVICE_FAMILY = 1;
			};
			name = Release;
		};
/* End XCBuildConfiguration section */

/* Begin XCConfigurationList section */
		FA1C72FD263636D800E63CBE /* Build configuration list for PBXProject "Habits" */ = {
			isa = XCConfigurationList;
			buildConfigurations = (
				FA1C7314263636DA00E63CBE /* Debug */,
				FA1C7315263636DA00E63CBE /* Release */,
			);
			defaultConfigurationIsVisible = 0;
			defaultConfigurationName = Release;
		};
		FA1C7316263636DA00E63CBE /* Build configuration list for PBXNativeTarget "Habits" */ = {
			isa = XCConfigurationList;
			buildConfigurations = (
				FA1C7317263636DA00E63CBE /* Debug */,
				FA1C7318263636DA00E63CBE /* Release */,
			);
			defaultConfigurationIsVisible = 0;
			defaultConfigurationName = Release;
		};
/* End XCConfigurationList section */
	};
	rootObject = FA1C72FA263636D800E63CBE /* Project object */;
}
