// !$*UTF8*$!
{
	archiveVersion = 1;
	classes = {
	};
	objectVersion = 51;
	objects = {

/* Begin PBXBuildFile section */
		3CC551A27B6840B7BDF879AB /* Pods_Habits.framework in Frameworks */ = {isa = PBXBuildFile; fileRef = 838E44C3241E759CB1015ADF /* Pods_Habits.framework */; };
		8C97F54378F25A58746BEE1D /* Pods_Habits.framework in Frameworks */ = {isa = PBXBuildFile; fileRef = 4EB5749E25E811C1DBDA1D75 /* Pods_Habits.framework */; };
		FA09DC1D26CF17E000B58F32 /* UIImage + Ext.swift in Sources */ = {isa = PBXBuildFile; fileRef = FA09DC1C26CF17E000B58F32 /* UIImage + Ext.swift */; };
		FA175EDC2754C8D80067D2A5 /* LoadingScreenVC.swift in Sources */ = {isa = PBXBuildFile; fileRef = FA175EDB2754C8D80067D2A5 /* LoadingScreenVC.swift */; };
		FA1AB1C52822B69C0097A3AA /* NewHabitVC.swift in Sources */ = {isa = PBXBuildFile; fileRef = FA1AB1C42822B69C0097A3AA /* NewHabitVC.swift */; };
		FA1C7306263636D800E63CBE /* AppDelegate.swift in Sources */ = {isa = PBXBuildFile; fileRef = FA1C7305263636D800E63CBE /* AppDelegate.swift */; };
		FA1C7308263636D800E63CBE /* SceneDelegate.swift in Sources */ = {isa = PBXBuildFile; fileRef = FA1C7307263636D800E63CBE /* SceneDelegate.swift */; };
		FA1C73242636406300E63CBE /* HabitHomeVC.swift in Sources */ = {isa = PBXBuildFile; fileRef = FA1C73232636406300E63CBE /* HabitHomeVC.swift */; };
		FA1C73292636491A00E63CBE /* HabitCell.swift in Sources */ = {isa = PBXBuildFile; fileRef = FA1C73282636491A00E63CBE /* HabitCell.swift */; };
		FA1C733026365AFC00E63CBE /* BodyLabel.swift in Sources */ = {isa = PBXBuildFile; fileRef = FA1C732F26365AFC00E63CBE /* BodyLabel.swift */; };
		FA1C733426365CFA00E63CBE /* TitleLabel.swift in Sources */ = {isa = PBXBuildFile; fileRef = FA1C733326365CFA00E63CBE /* TitleLabel.swift */; };
		FA212C4A2639181000BFDA3F /* HabitTextField.swift in Sources */ = {isa = PBXBuildFile; fileRef = FA212C492639181000BFDA3F /* HabitTextField.swift */; };
		FA224D5B26F028E6005CC9F1 /* Constants.swift in Sources */ = {isa = PBXBuildFile; fileRef = FA224D5A26F028E6005CC9F1 /* Constants.swift */; };
		FA224D5F26F04442005CC9F1 /* TableViewFooter.swift in Sources */ = {isa = PBXBuildFile; fileRef = FA224D5E26F04442005CC9F1 /* TableViewFooter.swift */; };
		FA224D6126F0A815005CC9F1 /* DetailsCalendarView.swift in Sources */ = {isa = PBXBuildFile; fileRef = FA224D6026F0A815005CC9F1 /* DetailsCalendarView.swift */; };
		FA224D6526F16BAD005CC9F1 /* DetailsStreakView.swift in Sources */ = {isa = PBXBuildFile; fileRef = FA224D6426F16BAD005CC9F1 /* DetailsStreakView.swift */; };
		FA224D6726F16E54005CC9F1 /* DetailsChartView.swift in Sources */ = {isa = PBXBuildFile; fileRef = FA224D6626F16E54005CC9F1 /* DetailsChartView.swift */; };
		FA224D6926F17216005CC9F1 /* HabitDetailsVC.swift in Sources */ = {isa = PBXBuildFile; fileRef = FA224D6826F17216005CC9F1 /* HabitDetailsVC.swift */; };
		FA224D7126F1A1A9005CC9F1 /* FSCalendarView.swift in Sources */ = {isa = PBXBuildFile; fileRef = FA224D7026F1A1A9005CC9F1 /* FSCalendarView.swift */; };
		FA29042B26EF6B9100B7B00A /* DarkMode.swift in Sources */ = {isa = PBXBuildFile; fileRef = FA29042A26EF6B9100B7B00A /* DarkMode.swift */; };
		FA360BED26C4C86300884B90 /* Gradients.swift in Sources */ = {isa = PBXBuildFile; fileRef = FA360BEC26C4C86300884B90 /* Gradients.swift */; };
		FA360BF226C605C300884B90 /* HabitNameCell.swift in Sources */ = {isa = PBXBuildFile; fileRef = FA360BF126C605C300884B90 /* HabitNameCell.swift */; };
		FA360BF426C609BC00884B90 /* HabitFrequencyCell.swift in Sources */ = {isa = PBXBuildFile; fileRef = FA360BF326C609BC00884B90 /* HabitFrequencyCell.swift */; };
		FA360BF626C6120100884B90 /* HabitIconCell.swift in Sources */ = {isa = PBXBuildFile; fileRef = FA360BF526C6120100884B90 /* HabitIconCell.swift */; };
		FA360BF826C6151600884B90 /* HabitReminderCell.swift in Sources */ = {isa = PBXBuildFile; fileRef = FA360BF726C6151600884B90 /* HabitReminderCell.swift */; };
		FA360BFA26C62C6A00884B90 /* HabitColorCell.swift in Sources */ = {isa = PBXBuildFile; fileRef = FA360BF926C62C6A00884B90 /* HabitColorCell.swift */; };
		FA3E60782762EA0C00A1A804 /* AlarmItem.swift in Sources */ = {isa = PBXBuildFile; fileRef = FA3E60772762EA0C00A1A804 /* AlarmItem.swift */; };
		FA3E607D2766CF8100A1A804 /* CoreDataMethods.swift in Sources */ = {isa = PBXBuildFile; fileRef = FA3E607C2766CF8100A1A804 /* CoreDataMethods.swift */; };
		FA3E60852769AAC500A1A804 /* Charts.swift in Sources */ = {isa = PBXBuildFile; fileRef = FA3E60842769AAC500A1A804 /* Charts.swift */; };
		FA798DA227DF0433005D647B /* AppStoreReviewManager.swift in Sources */ = {isa = PBXBuildFile; fileRef = FA798DA127DF0433005D647B /* AppStoreReviewManager.swift */; };
		FA798DA427E03C60005D647B /* UIDevice + Ext.swift in Sources */ = {isa = PBXBuildFile; fileRef = FA798DA327E03C60005D647B /* UIDevice + Ext.swift */; };
		FA79D7532818C1C8004E0CAC /* Assets.xcassets in Resources */ = {isa = PBXBuildFile; fileRef = FA79D7522818C1C8004E0CAC /* Assets.xcassets */; };
		FA79D755281A22B8004E0CAC /* ChartProgressView.swift in Sources */ = {isa = PBXBuildFile; fileRef = FA79D754281A22B8004E0CAC /* ChartProgressView.swift */; };
		FA79D7672820F318004E0CAC /* SettingsFuncs.swift in Sources */ = {isa = PBXBuildFile; fileRef = FA79D7662820F318004E0CAC /* SettingsFuncs.swift */; };
		FA79D76928213F37004E0CAC /* ScrollViewPage.swift in Sources */ = {isa = PBXBuildFile; fileRef = FA79D76828213F37004E0CAC /* ScrollViewPage.swift */; };
		FA8A297426D3B319008CD5AE /* DarkModeView.swift in Sources */ = {isa = PBXBuildFile; fileRef = FA8A297326D3B319008CD5AE /* DarkModeView.swift */; };
		FA8A297626D3BA91008CD5AE /* DarkModeVC.swift in Sources */ = {isa = PBXBuildFile; fileRef = FA8A297526D3BA91008CD5AE /* DarkModeVC.swift */; };
		FA8A297C26D49C5E008CD5AE /* AboutAppVC.swift in Sources */ = {isa = PBXBuildFile; fileRef = FA8A297B26D49C5E008CD5AE /* AboutAppVC.swift */; };
		FA9C1BC0276C564300869E24 /* HabitEntities.xcdatamodeld in Sources */ = {isa = PBXBuildFile; fileRef = FA3E60792766C3C400A1A804 /* HabitEntities.xcdatamodeld */; };
		FAB0D25C26B8DEAC0095B12E /* UIApplication + Ext.swift in Sources */ = {isa = PBXBuildFile; fileRef = FAB0D25B26B8DEAC0095B12E /* UIApplication + Ext.swift */; };
		FABA380A26C7DF650088254C /* GradientButton.swift in Sources */ = {isa = PBXBuildFile; fileRef = FABA380926C7DF650088254C /* GradientButton.swift */; };
		FABA380D26C9F1E00088254C /* HabitSaveCell.swift in Sources */ = {isa = PBXBuildFile; fileRef = FABA380C26C9F1E00088254C /* HabitSaveCell.swift */; };
		FABD431027A55A4000612896 /* CloudKit.framework in Frameworks */ = {isa = PBXBuildFile; fileRef = FABD430F27A55A4000612896 /* CloudKit.framework */; };
		FAC19AC9279A7D1F0067D894 /* UISegmentedControl + Ext.swift in Sources */ = {isa = PBXBuildFile; fileRef = FAC19AC8279A7D1F0067D894 /* UISegmentedControl + Ext.swift */; };
		FAC720AB283DA49D00E0B347 /* CustomStackView.swift in Sources */ = {isa = PBXBuildFile; fileRef = FAC720AA283DA49D00E0B347 /* CustomStackView.swift */; };
		FAC720AD28405D6A00E0B347 /* UIDate + Ext.swift in Sources */ = {isa = PBXBuildFile; fileRef = FAC720AC28405D6A00E0B347 /* UIDate + Ext.swift */; };
		FAC720AF28405EAC00E0B347 /* UIDatePicker + Ext.swift in Sources */ = {isa = PBXBuildFile; fileRef = FAC720AE28405EAC00E0B347 /* UIDatePicker + Ext.swift */; };
		FAC720B12840770700E0B347 /* UITableView + Ext.swift in Sources */ = {isa = PBXBuildFile; fileRef = FAC720B02840770700E0B347 /* UITableView + Ext.swift */; };
		FAC720B3284089C100E0B347 /* BoldLabel.swift in Sources */ = {isa = PBXBuildFile; fileRef = FAC720B2284089C100E0B347 /* BoldLabel.swift */; };
		FAC720B528408B2100E0B347 /* UIViewController + Ext.swift in Sources */ = {isa = PBXBuildFile; fileRef = FAC720B428408B2100E0B347 /* UIViewController + Ext.swift */; };
		FAD4655627FFD0A300E6CF7A /* EmailFeedback.swift in Sources */ = {isa = PBXBuildFile; fileRef = FAD4655527FFD0A300E6CF7A /* EmailFeedback.swift */; };
		FAE8EAD127B3187D00FBA6F3 /* QuoteView.swift in Sources */ = {isa = PBXBuildFile; fileRef = FAE8EAD027B3187D00FBA6F3 /* QuoteView.swift */; };
		FAE8EAD327B35C9100FBA6F3 /* Quotes.swift in Sources */ = {isa = PBXBuildFile; fileRef = FAE8EAD227B35C9100FBA6F3 /* Quotes.swift */; };
		FAE8EAD527B35CE600FBA6F3 /* QuotesManager.swift in Sources */ = {isa = PBXBuildFile; fileRef = FAE8EAD427B35CE600FBA6F3 /* QuotesManager.swift */; };
		FAF4E6CB2648F30B0029E50D /* DatePicker.swift in Sources */ = {isa = PBXBuildFile; fileRef = FAF4E6CA2648F30B0029E50D /* DatePicker.swift */; };
		FAF4E6D2264A30BD0029E50D /* UIView + Ext.swift in Sources */ = {isa = PBXBuildFile; fileRef = FAF4E6D1264A30BD0029E50D /* UIView + Ext.swift */; };
		FAF4E6D8264A47B90029E50D /* SideMenuVC.swift in Sources */ = {isa = PBXBuildFile; fileRef = FAF4E6D7264A47B90029E50D /* SideMenuVC.swift */; };
		FAF4E6DA264A48EC0029E50D /* MenuCell.swift in Sources */ = {isa = PBXBuildFile; fileRef = FAF4E6D9264A48EC0029E50D /* MenuCell.swift */; };
		FAF4E6DC265222320029E50D /* UserNotifications.swift in Sources */ = {isa = PBXBuildFile; fileRef = FAF4E6DB265222320029E50D /* UserNotifications.swift */; };
		FAF4E6E226537DEF0029E50D /* DayLabel.swift in Sources */ = {isa = PBXBuildFile; fileRef = FAF4E6E126537DEF0029E50D /* DayLabel.swift */; };
		FAF4E6E426549DDC0029E50D /* DayButton.swift in Sources */ = {isa = PBXBuildFile; fileRef = FAF4E6E326549DDC0029E50D /* DayButton.swift */; };
		FAF4E6E6265608830029E50D /* EmptyStateView.swift in Sources */ = {isa = PBXBuildFile; fileRef = FAF4E6E5265608830029E50D /* EmptyStateView.swift */; };
		FAF4E714265F43270029E50D /* HowToUseVC.swift in Sources */ = {isa = PBXBuildFile; fileRef = FAF4E713265F43270029E50D /* HowToUseVC.swift */; };
		FAF4E716265F445E0029E50D /* PageControl.swift in Sources */ = {isa = PBXBuildFile; fileRef = FAF4E715265F445E0029E50D /* PageControl.swift */; };
		FAF4E718265F456E0029E50D /* ScrollView.swift in Sources */ = {isa = PBXBuildFile; fileRef = FAF4E717265F456E0029E50D /* ScrollView.swift */; };
		FAFF09AC2702E3FA008E8569 /* ChartYear.swift in Sources */ = {isa = PBXBuildFile; fileRef = FAFF09AB2702E3FA008E8569 /* ChartYear.swift */; };
		FAFF09AE27046E93008E8569 /* ChartCollectionViewCell.swift in Sources */ = {isa = PBXBuildFile; fileRef = FAFF09AD27046E93008E8569 /* ChartCollectionViewCell.swift */; };
/* End PBXBuildFile section */

/* Begin PBXFileReference section */
		2B9A87DC47397BE1B1C251BF /* Pods-Habits.release.xcconfig */ = {isa = PBXFileReference; includeInIndex = 1; lastKnownFileType = text.xcconfig; name = "Pods-Habits.release.xcconfig"; path = "Target Support Files/Pods-Habits/Pods-Habits.release.xcconfig"; sourceTree = "<group>"; };
		2FF57C4A93B664F2B8DAF532 /* Pods-Habits.debug.xcconfig */ = {isa = PBXFileReference; includeInIndex = 1; lastKnownFileType = text.xcconfig; name = "Pods-Habits.debug.xcconfig"; path = "Target Support Files/Pods-Habits/Pods-Habits.debug.xcconfig"; sourceTree = "<group>"; };
		4EB5749E25E811C1DBDA1D75 /* Pods_Habits.framework */ = {isa = PBXFileReference; explicitFileType = wrapper.framework; includeInIndex = 0; path = Pods_Habits.framework; sourceTree = BUILT_PRODUCTS_DIR; };
		5608A6015B8CF7A91791763C /* Pods-Habits.debug.xcconfig */ = {isa = PBXFileReference; includeInIndex = 1; lastKnownFileType = text.xcconfig; name = "Pods-Habits.debug.xcconfig"; path = "Target Support Files/Pods-Habits/Pods-Habits.debug.xcconfig"; sourceTree = "<group>"; };
		838E44C3241E759CB1015ADF /* Pods_Habits.framework */ = {isa = PBXFileReference; explicitFileType = wrapper.framework; includeInIndex = 0; path = Pods_Habits.framework; sourceTree = BUILT_PRODUCTS_DIR; };
		DE406DEBB271B469394DA9D0 /* Pods-Habits.release.xcconfig */ = {isa = PBXFileReference; includeInIndex = 1; lastKnownFileType = text.xcconfig; name = "Pods-Habits.release.xcconfig"; path = "Target Support Files/Pods-Habits/Pods-Habits.release.xcconfig"; sourceTree = "<group>"; };
		FA09DC1C26CF17E000B58F32 /* UIImage + Ext.swift */ = {isa = PBXFileReference; lastKnownFileType = sourcecode.swift; path = "UIImage + Ext.swift"; sourceTree = "<group>"; };
		FA175EDB2754C8D80067D2A5 /* LoadingScreenVC.swift */ = {isa = PBXFileReference; lastKnownFileType = sourcecode.swift; path = LoadingScreenVC.swift; sourceTree = "<group>"; };
		FA1AB1C42822B69C0097A3AA /* NewHabitVC.swift */ = {isa = PBXFileReference; fileEncoding = 4; lastKnownFileType = sourcecode.swift; path = NewHabitVC.swift; sourceTree = "<group>"; };
		FA1C7302263636D800E63CBE /* Habits.app */ = {isa = PBXFileReference; explicitFileType = wrapper.application; includeInIndex = 0; path = Habits.app; sourceTree = BUILT_PRODUCTS_DIR; };
		FA1C7305263636D800E63CBE /* AppDelegate.swift */ = {isa = PBXFileReference; lastKnownFileType = sourcecode.swift; path = AppDelegate.swift; sourceTree = "<group>"; };
		FA1C7307263636D800E63CBE /* SceneDelegate.swift */ = {isa = PBXFileReference; lastKnownFileType = sourcecode.swift; path = SceneDelegate.swift; sourceTree = "<group>"; };
		FA1C73232636406300E63CBE /* HabitHomeVC.swift */ = {isa = PBXFileReference; lastKnownFileType = sourcecode.swift; path = HabitHomeVC.swift; sourceTree = "<group>"; };
		FA1C73282636491A00E63CBE /* HabitCell.swift */ = {isa = PBXFileReference; lastKnownFileType = sourcecode.swift; path = HabitCell.swift; sourceTree = "<group>"; };
		FA1C732F26365AFC00E63CBE /* BodyLabel.swift */ = {isa = PBXFileReference; lastKnownFileType = sourcecode.swift; path = BodyLabel.swift; sourceTree = "<group>"; };
		FA1C733326365CFA00E63CBE /* TitleLabel.swift */ = {isa = PBXFileReference; lastKnownFileType = sourcecode.swift; path = TitleLabel.swift; sourceTree = "<group>"; };
		FA212C492639181000BFDA3F /* HabitTextField.swift */ = {isa = PBXFileReference; lastKnownFileType = sourcecode.swift; path = HabitTextField.swift; sourceTree = "<group>"; };
		FA224D5A26F028E6005CC9F1 /* Constants.swift */ = {isa = PBXFileReference; lastKnownFileType = sourcecode.swift; path = Constants.swift; sourceTree = "<group>"; };
		FA224D5E26F04442005CC9F1 /* TableViewFooter.swift */ = {isa = PBXFileReference; lastKnownFileType = sourcecode.swift; path = TableViewFooter.swift; sourceTree = "<group>"; };
		FA224D6026F0A815005CC9F1 /* DetailsCalendarView.swift */ = {isa = PBXFileReference; lastKnownFileType = sourcecode.swift; path = DetailsCalendarView.swift; sourceTree = "<group>"; };
		FA224D6426F16BAD005CC9F1 /* DetailsStreakView.swift */ = {isa = PBXFileReference; lastKnownFileType = sourcecode.swift; path = DetailsStreakView.swift; sourceTree = "<group>"; };
		FA224D6626F16E54005CC9F1 /* DetailsChartView.swift */ = {isa = PBXFileReference; lastKnownFileType = sourcecode.swift; path = DetailsChartView.swift; sourceTree = "<group>"; };
		FA224D6826F17216005CC9F1 /* HabitDetailsVC.swift */ = {isa = PBXFileReference; lastKnownFileType = sourcecode.swift; path = HabitDetailsVC.swift; sourceTree = "<group>"; };
		FA224D7026F1A1A9005CC9F1 /* FSCalendarView.swift */ = {isa = PBXFileReference; lastKnownFileType = sourcecode.swift; path = FSCalendarView.swift; sourceTree = "<group>"; };
		FA29042A26EF6B9100B7B00A /* DarkMode.swift */ = {isa = PBXFileReference; lastKnownFileType = sourcecode.swift; path = DarkMode.swift; sourceTree = "<group>"; };
		FA360BEC26C4C86300884B90 /* Gradients.swift */ = {isa = PBXFileReference; lastKnownFileType = sourcecode.swift; path = Gradients.swift; sourceTree = "<group>"; };
		FA360BF126C605C300884B90 /* HabitNameCell.swift */ = {isa = PBXFileReference; lastKnownFileType = sourcecode.swift; path = HabitNameCell.swift; sourceTree = "<group>"; };
		FA360BF326C609BC00884B90 /* HabitFrequencyCell.swift */ = {isa = PBXFileReference; lastKnownFileType = sourcecode.swift; path = HabitFrequencyCell.swift; sourceTree = "<group>"; };
		FA360BF526C6120100884B90 /* HabitIconCell.swift */ = {isa = PBXFileReference; lastKnownFileType = sourcecode.swift; path = HabitIconCell.swift; sourceTree = "<group>"; };
		FA360BF726C6151600884B90 /* HabitReminderCell.swift */ = {isa = PBXFileReference; lastKnownFileType = sourcecode.swift; path = HabitReminderCell.swift; sourceTree = "<group>"; };
		FA360BF926C62C6A00884B90 /* HabitColorCell.swift */ = {isa = PBXFileReference; lastKnownFileType = sourcecode.swift; path = HabitColorCell.swift; sourceTree = "<group>"; };
		FA3E60772762EA0C00A1A804 /* AlarmItem.swift */ = {isa = PBXFileReference; lastKnownFileType = sourcecode.swift; path = AlarmItem.swift; sourceTree = "<group>"; };
		FA3E607A2766C3C400A1A804 /* HabitEntities.xcdatamodel */ = {isa = PBXFileReference; lastKnownFileType = wrapper.xcdatamodel; path = HabitEntities.xcdatamodel; sourceTree = "<group>"; };
		FA3E607C2766CF8100A1A804 /* CoreDataMethods.swift */ = {isa = PBXFileReference; lastKnownFileType = sourcecode.swift; path = CoreDataMethods.swift; sourceTree = "<group>"; };
		FA3E60842769AAC500A1A804 /* Charts.swift */ = {isa = PBXFileReference; lastKnownFileType = sourcecode.swift; path = Charts.swift; sourceTree = "<group>"; };
		FA798DA127DF0433005D647B /* AppStoreReviewManager.swift */ = {isa = PBXFileReference; lastKnownFileType = sourcecode.swift; path = AppStoreReviewManager.swift; sourceTree = "<group>"; };
		FA798DA327E03C60005D647B /* UIDevice + Ext.swift */ = {isa = PBXFileReference; lastKnownFileType = sourcecode.swift; path = "UIDevice + Ext.swift"; sourceTree = "<group>"; };
		FA79D7522818C1C8004E0CAC /* Assets.xcassets */ = {isa = PBXFileReference; lastKnownFileType = folder.assetcatalog; path = Assets.xcassets; sourceTree = "<group>"; };
		FA79D754281A22B8004E0CAC /* ChartProgressView.swift */ = {isa = PBXFileReference; lastKnownFileType = sourcecode.swift; path = ChartProgressView.swift; sourceTree = "<group>"; };
		FA79D75F281BA871004E0CAC /* Info.plist */ = {isa = PBXFileReference; lastKnownFileType = text.plist.xml; name = Info.plist; path = "/Users/alex/Documents/xcode projects/Personal Projects/Habits/Support/Info.plist"; sourceTree = "<absolute>"; };
		FA79D7662820F318004E0CAC /* SettingsFuncs.swift */ = {isa = PBXFileReference; lastKnownFileType = sourcecode.swift; path = SettingsFuncs.swift; sourceTree = "<group>"; };
		FA79D76828213F37004E0CAC /* ScrollViewPage.swift */ = {isa = PBXFileReference; lastKnownFileType = sourcecode.swift; path = ScrollViewPage.swift; sourceTree = "<group>"; };
		FA8A297326D3B319008CD5AE /* DarkModeView.swift */ = {isa = PBXFileReference; lastKnownFileType = sourcecode.swift; path = DarkModeView.swift; sourceTree = "<group>"; };
		FA8A297526D3BA91008CD5AE /* DarkModeVC.swift */ = {isa = PBXFileReference; lastKnownFileType = sourcecode.swift; path = DarkModeVC.swift; sourceTree = "<group>"; };
		FA8A297B26D49C5E008CD5AE /* AboutAppVC.swift */ = {isa = PBXFileReference; lastKnownFileType = sourcecode.swift; path = AboutAppVC.swift; sourceTree = "<group>"; };
		FAB0D25B26B8DEAC0095B12E /* UIApplication + Ext.swift */ = {isa = PBXFileReference; lastKnownFileType = sourcecode.swift; path = "UIApplication + Ext.swift"; sourceTree = "<group>"; };
		FABA380926C7DF650088254C /* GradientButton.swift */ = {isa = PBXFileReference; lastKnownFileType = sourcecode.swift; path = GradientButton.swift; sourceTree = "<group>"; };
		FABA380C26C9F1E00088254C /* HabitSaveCell.swift */ = {isa = PBXFileReference; lastKnownFileType = sourcecode.swift; path = HabitSaveCell.swift; sourceTree = "<group>"; };
		FABD430E27A559B800612896 /* Habits.entitlements */ = {isa = PBXFileReference; lastKnownFileType = text.plist.entitlements; path = Habits.entitlements; sourceTree = "<group>"; };
		FABD430F27A55A4000612896 /* CloudKit.framework */ = {isa = PBXFileReference; lastKnownFileType = wrapper.framework; name = CloudKit.framework; path = System/Library/Frameworks/CloudKit.framework; sourceTree = SDKROOT; };
		FAC19AC8279A7D1F0067D894 /* UISegmentedControl + Ext.swift */ = {isa = PBXFileReference; lastKnownFileType = sourcecode.swift; path = "UISegmentedControl + Ext.swift"; sourceTree = "<group>"; };
		FAC720AA283DA49D00E0B347 /* CustomStackView.swift */ = {isa = PBXFileReference; lastKnownFileType = sourcecode.swift; path = CustomStackView.swift; sourceTree = "<group>"; };
		FAC720AC28405D6A00E0B347 /* UIDate + Ext.swift */ = {isa = PBXFileReference; lastKnownFileType = sourcecode.swift; path = "UIDate + Ext.swift"; sourceTree = "<group>"; };
		FAC720AE28405EAC00E0B347 /* UIDatePicker + Ext.swift */ = {isa = PBXFileReference; lastKnownFileType = sourcecode.swift; path = "UIDatePicker + Ext.swift"; sourceTree = "<group>"; };
		FAC720B02840770700E0B347 /* UITableView + Ext.swift */ = {isa = PBXFileReference; lastKnownFileType = sourcecode.swift; path = "UITableView + Ext.swift"; sourceTree = "<group>"; };
		FAC720B2284089C100E0B347 /* BoldLabel.swift */ = {isa = PBXFileReference; lastKnownFileType = sourcecode.swift; path = BoldLabel.swift; sourceTree = "<group>"; };
		FAC720B428408B2100E0B347 /* UIViewController + Ext.swift */ = {isa = PBXFileReference; lastKnownFileType = sourcecode.swift; path = "UIViewController + Ext.swift"; sourceTree = "<group>"; };
		FAD4655527FFD0A300E6CF7A /* EmailFeedback.swift */ = {isa = PBXFileReference; fileEncoding = 4; lastKnownFileType = sourcecode.swift; path = EmailFeedback.swift; sourceTree = "<group>"; };
		FAE8EAD027B3187D00FBA6F3 /* QuoteView.swift */ = {isa = PBXFileReference; lastKnownFileType = sourcecode.swift; path = QuoteView.swift; sourceTree = "<group>"; };
		FAE8EAD227B35C9100FBA6F3 /* Quotes.swift */ = {isa = PBXFileReference; lastKnownFileType = sourcecode.swift; path = Quotes.swift; sourceTree = "<group>"; };
		FAE8EAD427B35CE600FBA6F3 /* QuotesManager.swift */ = {isa = PBXFileReference; lastKnownFileType = sourcecode.swift; path = QuotesManager.swift; sourceTree = "<group>"; };
		FAF4E6CA2648F30B0029E50D /* DatePicker.swift */ = {isa = PBXFileReference; lastKnownFileType = sourcecode.swift; path = DatePicker.swift; sourceTree = "<group>"; };
		FAF4E6D1264A30BD0029E50D /* UIView + Ext.swift */ = {isa = PBXFileReference; lastKnownFileType = sourcecode.swift; path = "UIView + Ext.swift"; sourceTree = "<group>"; };
		FAF4E6D7264A47B90029E50D /* SideMenuVC.swift */ = {isa = PBXFileReference; lastKnownFileType = sourcecode.swift; path = SideMenuVC.swift; sourceTree = "<group>"; };
		FAF4E6D9264A48EC0029E50D /* MenuCell.swift */ = {isa = PBXFileReference; lastKnownFileType = sourcecode.swift; path = MenuCell.swift; sourceTree = "<group>"; };
		FAF4E6DB265222320029E50D /* UserNotifications.swift */ = {isa = PBXFileReference; lastKnownFileType = sourcecode.swift; path = UserNotifications.swift; sourceTree = "<group>"; };
		FAF4E6E126537DEF0029E50D /* DayLabel.swift */ = {isa = PBXFileReference; lastKnownFileType = sourcecode.swift; path = DayLabel.swift; sourceTree = "<group>"; };
		FAF4E6E326549DDC0029E50D /* DayButton.swift */ = {isa = PBXFileReference; lastKnownFileType = sourcecode.swift; path = DayButton.swift; sourceTree = "<group>"; };
		FAF4E6E5265608830029E50D /* EmptyStateView.swift */ = {isa = PBXFileReference; lastKnownFileType = sourcecode.swift; path = EmptyStateView.swift; sourceTree = "<group>"; };
		FAF4E713265F43270029E50D /* HowToUseVC.swift */ = {isa = PBXFileReference; lastKnownFileType = sourcecode.swift; path = HowToUseVC.swift; sourceTree = "<group>"; };
		FAF4E715265F445E0029E50D /* PageControl.swift */ = {isa = PBXFileReference; lastKnownFileType = sourcecode.swift; path = PageControl.swift; sourceTree = "<group>"; };
		FAF4E717265F456E0029E50D /* ScrollView.swift */ = {isa = PBXFileReference; lastKnownFileType = sourcecode.swift; path = ScrollView.swift; sourceTree = "<group>"; };
		FAFF09AB2702E3FA008E8569 /* ChartYear.swift */ = {isa = PBXFileReference; lastKnownFileType = sourcecode.swift; path = ChartYear.swift; sourceTree = "<group>"; };
		FAFF09AD27046E93008E8569 /* ChartCollectionViewCell.swift */ = {isa = PBXFileReference; lastKnownFileType = sourcecode.swift; path = ChartCollectionViewCell.swift; sourceTree = "<group>"; };
/* End PBXFileReference section */

/* Begin PBXFrameworksBuildPhase section */
		FA1C72FF263636D800E63CBE /* Frameworks */ = {
			isa = PBXFrameworksBuildPhase;
			buildActionMask = 2147483647;
			files = (
				3CC551A27B6840B7BDF879AB /* Pods_Habits.framework in Frameworks */,
				FABD431027A55A4000612896 /* CloudKit.framework in Frameworks */,
				8C97F54378F25A58746BEE1D /* Pods_Habits.framework in Frameworks */,
			);
			runOnlyForDeploymentPostprocessing = 0;
		};
/* End PBXFrameworksBuildPhase section */

/* Begin PBXGroup section */
		3E27409BA65CE8244119568F /* Pods */ = {
			isa = PBXGroup;
			children = (
				5608A6015B8CF7A91791763C /* Pods-Habits.debug.xcconfig */,
				DE406DEBB271B469394DA9D0 /* Pods-Habits.release.xcconfig */,
			);
			path = Pods;
			sourceTree = "<group>";
		};
		58C9E792671FC5A85AFD6566 /* Frameworks */ = {
			isa = PBXGroup;
			children = (
				4EB5749E25E811C1DBDA1D75 /* Pods_Habits.framework */,
			);
			name = Frameworks;
			sourceTree = "<group>";
		};
		640066CB0149AB90DF9191D8 /* Frameworks */ = {
			isa = PBXGroup;
			children = (
				FABD430F27A55A4000612896 /* CloudKit.framework */,
				838E44C3241E759CB1015ADF /* Pods_Habits.framework */,
			);
			name = Frameworks;
			path = ..;
			sourceTree = "<group>";
		};
		8ECFE9FDD09F07713240F490 /* Pods */ = {
			isa = PBXGroup;
			children = (
				2FF57C4A93B664F2B8DAF532 /* Pods-Habits.debug.xcconfig */,
				2B9A87DC47397BE1B1C251BF /* Pods-Habits.release.xcconfig */,
			);
			name = Pods;
			path = ../Pods;
			sourceTree = "<group>";
		};
		FA1C72F9263636D800E63CBE = {
			isa = PBXGroup;
			children = (
				FA1C7304263636D800E63CBE /* Habits */,
				3E27409BA65CE8244119568F /* Pods */,
				58C9E792671FC5A85AFD6566 /* Frameworks */,
			);
			sourceTree = "<group>";
		};
		FA1C7303263636D800E63CBE /* Products */ = {
			isa = PBXGroup;
			children = (
				FA1C7302263636D800E63CBE /* Habits.app */,
			);
			name = Products;
			path = ..;
			sourceTree = "<group>";
		};
		FA1C7304263636D800E63CBE /* Habits */ = {
			isa = PBXGroup;
			children = (
				FABD430E27A559B800612896 /* Habits.entitlements */,
				FA79D758281BA19A004E0CAC /* ViewControllers */,
				FA1C7327263648F400E63CBE /* Cells */,
				FA79D759281BA217004E0CAC /* CustomViews */,
				FA212C4B263A3DCD00BFDA3F /* Model */,
				FA6A49F9275EBDE00084EFCC /* Utilities */,
				FAF4E6D0264A309E0029E50D /* Extensions */,
				FA29042D26F00F5A00B7B00A /* Support */,
				8ECFE9FDD09F07713240F490 /* Pods */,
				640066CB0149AB90DF9191D8 /* Frameworks */,
			);
			path = Habits;
			sourceTree = "<group>";
		};
		FA1C7327263648F400E63CBE /* Cells */ = {
			isa = PBXGroup;
			children = (
				FA79D761281BAA9C004E0CAC /* CollectionViewCells */,
				FA79D760281BAA95004E0CAC /* TableViewCells */,
			);
			path = Cells;
			sourceTree = "<group>";
		};
		FA1C732E263659D100E63CBE /* Labels */ = {
			isa = PBXGroup;
			children = (
				FA1C732F26365AFC00E63CBE /* BodyLabel.swift */,
				FA1C733326365CFA00E63CBE /* TitleLabel.swift */,
				FAF4E6E126537DEF0029E50D /* DayLabel.swift */,
				FAC720B2284089C100E0B347 /* BoldLabel.swift */,
			);
			path = Labels;
			sourceTree = "<group>";
		};
		FA1C733626379DC900E63CBE /* Buttons */ = {
			isa = PBXGroup;
			children = (
				FAF4E6E326549DDC0029E50D /* DayButton.swift */,
				FABA380926C7DF650088254C /* GradientButton.swift */,
			);
			path = Buttons;
			sourceTree = "<group>";
		};
		FA1C73412637CD1C00E63CBE /* Views */ = {
			isa = PBXGroup;
			children = (
				FA8A297326D3B319008CD5AE /* DarkModeView.swift */,
				FA224D5E26F04442005CC9F1 /* TableViewFooter.swift */,
				FA224D6026F0A815005CC9F1 /* DetailsCalendarView.swift */,
				FA224D6426F16BAD005CC9F1 /* DetailsStreakView.swift */,
				FA224D6626F16E54005CC9F1 /* DetailsChartView.swift */,
				FAF4E6E5265608830029E50D /* EmptyStateView.swift */,
				FAE8EAD027B3187D00FBA6F3 /* QuoteView.swift */,
				FA79D76828213F37004E0CAC /* ScrollViewPage.swift */,
			);
			path = Views;
			sourceTree = "<group>";
		};
		FA212C48263917FE00BFDA3F /* TextFields */ = {
			isa = PBXGroup;
			children = (
				FA212C492639181000BFDA3F /* HabitTextField.swift */,
			);
			path = TextFields;
			sourceTree = "<group>";
		};
		FA212C4B263A3DCD00BFDA3F /* Model */ = {
			isa = PBXGroup;
			children = (
				FA224D7826F4177A005CC9F1 /* CoreData */,
				FA3E60772762EA0C00A1A804 /* AlarmItem.swift */,
				FAFF09AB2702E3FA008E8569 /* ChartYear.swift */,
				FAE8EAD227B35C9100FBA6F3 /* Quotes.swift */,
				FAE8EAD427B35CE600FBA6F3 /* QuotesManager.swift */,
			);
			path = Model;
			sourceTree = "<group>";
		};
		FA224D7826F4177A005CC9F1 /* CoreData */ = {
			isa = PBXGroup;
			children = (
				FA3E60792766C3C400A1A804 /* HabitEntities.xcdatamodeld */,
				FA3E607C2766CF8100A1A804 /* CoreDataMethods.swift */,
			);
			path = CoreData;
			sourceTree = "<group>";
		};
		FA29042D26F00F5A00B7B00A /* Support */ = {
			isa = PBXGroup;
			children = (
				FA1C7303263636D800E63CBE /* Products */,
				FA1C7305263636D800E63CBE /* AppDelegate.swift */,
				FA1C7307263636D800E63CBE /* SceneDelegate.swift */,
				FA79D75F281BA871004E0CAC /* Info.plist */,
				FA79D7522818C1C8004E0CAC /* Assets.xcassets */,
			);
			name = Support;
			path = ../Support;
			sourceTree = "<group>";
		};
		FA360BF026C6058500884B90 /* NewHabitVCCells */ = {
			isa = PBXGroup;
			children = (
				FA360BF126C605C300884B90 /* HabitNameCell.swift */,
				FA360BF326C609BC00884B90 /* HabitFrequencyCell.swift */,
				FA360BF926C62C6A00884B90 /* HabitColorCell.swift */,
				FA360BF526C6120100884B90 /* HabitIconCell.swift */,
				FA360BF726C6151600884B90 /* HabitReminderCell.swift */,
				FABA380C26C9F1E00088254C /* HabitSaveCell.swift */,
			);
			path = NewHabitVCCells;
			sourceTree = "<group>";
		};
		FA6A49F9275EBDE00084EFCC /* Utilities */ = {
			isa = PBXGroup;
			children = (
				FA798DA127DF0433005D647B /* AppStoreReviewManager.swift */,
				FA29042A26EF6B9100B7B00A /* DarkMode.swift */,
				FA3E60842769AAC500A1A804 /* Charts.swift */,
				FA360BEC26C4C86300884B90 /* Gradients.swift */,
				FAF4E6DB265222320029E50D /* UserNotifications.swift */,
				FAD4655527FFD0A300E6CF7A /* EmailFeedback.swift */,
				FA224D5A26F028E6005CC9F1 /* Constants.swift */,
				FA224D7026F1A1A9005CC9F1 /* FSCalendarView.swift */,
				FA79D7662820F318004E0CAC /* SettingsFuncs.swift */,
			);
			path = Utilities;
			sourceTree = "<group>";
		};
		FA79D758281BA19A004E0CAC /* ViewControllers */ = {
			isa = PBXGroup;
			children = (
				FA1C73232636406300E63CBE /* HabitHomeVC.swift */,
				FA1AB1C42822B69C0097A3AA /* NewHabitVC.swift */,
				FA224D6826F17216005CC9F1 /* HabitDetailsVC.swift */,
				FAF4E713265F43270029E50D /* HowToUseVC.swift */,
				FAF4E6D7264A47B90029E50D /* SideMenuVC.swift */,
				FA8A297526D3BA91008CD5AE /* DarkModeVC.swift */,
				FA8A297B26D49C5E008CD5AE /* AboutAppVC.swift */,
				FA175EDB2754C8D80067D2A5 /* LoadingScreenVC.swift */,
			);
			path = ViewControllers;
			sourceTree = "<group>";
		};
		FA79D759281BA217004E0CAC /* CustomViews */ = {
			isa = PBXGroup;
			children = (
				FAC720A9283DA48100E0B347 /* StackViews */,
				FA79D765281BEF07004E0CAC /* PageControls */,
				FA79D764281BAC46004E0CAC /* DatePickers */,
				FA79D763281BAC35004E0CAC /* ScrollViews */,
				FA79D762281BABFB004E0CAC /* ProgressViews */,
				FA1C733626379DC900E63CBE /* Buttons */,
				FA212C48263917FE00BFDA3F /* TextFields */,
				FA1C732E263659D100E63CBE /* Labels */,
				FA1C73412637CD1C00E63CBE /* Views */,
			);
			path = CustomViews;
			sourceTree = "<group>";
		};
		FA79D760281BAA95004E0CAC /* TableViewCells */ = {
			isa = PBXGroup;
			children = (
				FA1C73282636491A00E63CBE /* HabitCell.swift */,
				FAF4E6D9264A48EC0029E50D /* MenuCell.swift */,
				FA360BF026C6058500884B90 /* NewHabitVCCells */,
			);
			path = TableViewCells;
			sourceTree = "<group>";
		};
		FA79D761281BAA9C004E0CAC /* CollectionViewCells */ = {
			isa = PBXGroup;
			children = (
				FAFF09AD27046E93008E8569 /* ChartCollectionViewCell.swift */,
			);
			path = CollectionViewCells;
			sourceTree = "<group>";
		};
		FA79D762281BABFB004E0CAC /* ProgressViews */ = {
			isa = PBXGroup;
			children = (
				FA79D754281A22B8004E0CAC /* ChartProgressView.swift */,
			);
			path = ProgressViews;
			sourceTree = "<group>";
		};
		FA79D763281BAC35004E0CAC /* ScrollViews */ = {
			isa = PBXGroup;
			children = (
				FAF4E717265F456E0029E50D /* ScrollView.swift */,
			);
			path = ScrollViews;
			sourceTree = "<group>";
		};
		FA79D764281BAC46004E0CAC /* DatePickers */ = {
			isa = PBXGroup;
			children = (
				FAF4E6CA2648F30B0029E50D /* DatePicker.swift */,
			);
			path = DatePickers;
			sourceTree = "<group>";
		};
		FA79D765281BEF07004E0CAC /* PageControls */ = {
			isa = PBXGroup;
			children = (
				FAF4E715265F445E0029E50D /* PageControl.swift */,
			);
			path = PageControls;
			sourceTree = "<group>";
		};
		FAC720A9283DA48100E0B347 /* StackViews */ = {
			isa = PBXGroup;
			children = (
				FAC720AA283DA49D00E0B347 /* CustomStackView.swift */,
			);
			path = StackViews;
			sourceTree = "<group>";
		};
		FAF4E6D0264A309E0029E50D /* Extensions */ = {
			isa = PBXGroup;
			children = (
				FAF4E6D1264A30BD0029E50D /* UIView + Ext.swift */,
				FAB0D25B26B8DEAC0095B12E /* UIApplication + Ext.swift */,
				FA09DC1C26CF17E000B58F32 /* UIImage + Ext.swift */,
				FAC19AC8279A7D1F0067D894 /* UISegmentedControl + Ext.swift */,
				FA798DA327E03C60005D647B /* UIDevice + Ext.swift */,
				FAC720AC28405D6A00E0B347 /* UIDate + Ext.swift */,
				FAC720AE28405EAC00E0B347 /* UIDatePicker + Ext.swift */,
				FAC720B02840770700E0B347 /* UITableView + Ext.swift */,
				FAC720B428408B2100E0B347 /* UIViewController + Ext.swift */,
			);
			path = Extensions;
			sourceTree = "<group>";
		};
/* End PBXGroup section */

/* Begin PBXNativeTarget section */
		FA1C7301263636D800E63CBE /* Habits */ = {
			isa = PBXNativeTarget;
			buildConfigurationList = FA1C7316263636DA00E63CBE /* Build configuration list for PBXNativeTarget "Habits" */;
			buildPhases = (
				C401B4B55B2A8B7C517DA3C7 /* [CP] Check Pods Manifest.lock */,
				FA1C72FE263636D800E63CBE /* Sources */,
				FA1C72FF263636D800E63CBE /* Frameworks */,
				FA1C7300263636D800E63CBE /* Resources */,
				02DB50908AD0D139426F1EC1 /* [CP] Embed Pods Frameworks */,
			);
			buildRules = (
			);
			dependencies = (
			);
			name = Habits;
			productName = Habits;
			productReference = FA1C7302263636D800E63CBE /* Habits.app */;
			productType = "com.apple.product-type.application";
		};
/* End PBXNativeTarget section */

/* Begin PBXProject section */
		FA1C72FA263636D800E63CBE /* Project object */ = {
			isa = PBXProject;
			attributes = {
				LastSwiftUpdateCheck = 1240;
				LastUpgradeCheck = 1240;
				TargetAttributes = {
					FA1C7301263636D800E63CBE = {
						CreatedOnToolsVersion = 12.4;
					};
				};
			};
			buildConfigurationList = FA1C72FD263636D800E63CBE /* Build configuration list for PBXProject "Habits" */;
			compatibilityVersion = "Xcode 9.3";
			developmentRegion = en;
			hasScannedForEncodings = 0;
			knownRegions = (
				en,
				Base,
			);
			mainGroup = FA1C72F9263636D800E63CBE;
			productRefGroup = FA1C7303263636D800E63CBE /* Products */;
			projectDirPath = "";
			projectRoot = "";
			targets = (
				FA1C7301263636D800E63CBE /* Habits */,
			);
		};
/* End PBXProject section */

/* Begin PBXResourcesBuildPhase section */
		FA1C7300263636D800E63CBE /* Resources */ = {
			isa = PBXResourcesBuildPhase;
			buildActionMask = 2147483647;
			files = (
				FA79D7532818C1C8004E0CAC /* Assets.xcassets in Resources */,
			);
			runOnlyForDeploymentPostprocessing = 0;
		};
/* End PBXResourcesBuildPhase section */

/* Begin PBXShellScriptBuildPhase section */
		02DB50908AD0D139426F1EC1 /* [CP] Embed Pods Frameworks */ = {
			isa = PBXShellScriptBuildPhase;
			buildActionMask = 2147483647;
			files = (
			);
			inputFileListPaths = (
				"${PODS_ROOT}/Target Support Files/Pods-Habits/Pods-Habits-frameworks-${CONFIGURATION}-input-files.xcfilelist",
			);
			name = "[CP] Embed Pods Frameworks";
			outputFileListPaths = (
				"${PODS_ROOT}/Target Support Files/Pods-Habits/Pods-Habits-frameworks-${CONFIGURATION}-output-files.xcfilelist",
			);
			runOnlyForDeploymentPostprocessing = 0;
			shellPath = /bin/sh;
			shellScript = "\"${PODS_ROOT}/Target Support Files/Pods-Habits/Pods-Habits-frameworks.sh\"\n";
			showEnvVarsInLog = 0;
		};
		C401B4B55B2A8B7C517DA3C7 /* [CP] Check Pods Manifest.lock */ = {
			isa = PBXShellScriptBuildPhase;
			buildActionMask = 2147483647;
			files = (
			);
			inputFileListPaths = (
			);
			inputPaths = (
				"${PODS_PODFILE_DIR_PATH}/Podfile.lock",
				"${PODS_ROOT}/Manifest.lock",
			);
			name = "[CP] Check Pods Manifest.lock";
			outputFileListPaths = (
			);
			outputPaths = (
				"$(DERIVED_FILE_DIR)/Pods-Habits-checkManifestLockResult.txt",
			);
			runOnlyForDeploymentPostprocessing = 0;
			shellPath = /bin/sh;
			shellScript = "diff \"${PODS_PODFILE_DIR_PATH}/Podfile.lock\" \"${PODS_ROOT}/Manifest.lock\" > /dev/null\nif [ $? != 0 ] ; then\n    # print error to STDERR\n    echo \"error: The sandbox is not in sync with the Podfile.lock. Run 'pod install' or update your CocoaPods installation.\" >&2\n    exit 1\nfi\n# This output is used by Xcode 'outputs' to avoid re-running this script phase.\necho \"SUCCESS\" > \"${SCRIPT_OUTPUT_FILE_0}\"\n";
			showEnvVarsInLog = 0;
		};
/* End PBXShellScriptBuildPhase section */

/* Begin PBXSourcesBuildPhase section */
		FA1C72FE263636D800E63CBE /* Sources */ = {
			isa = PBXSourcesBuildPhase;
			buildActionMask = 2147483647;
			files = (
				FA1C733026365AFC00E63CBE /* BodyLabel.swift in Sources */,
				FAF4E714265F43270029E50D /* HowToUseVC.swift in Sources */,
				FA360BF226C605C300884B90 /* HabitNameCell.swift in Sources */,
				FA29042B26EF6B9100B7B00A /* DarkMode.swift in Sources */,
				FAF4E6E6265608830029E50D /* EmptyStateView.swift in Sources */,
				FAE8EAD127B3187D00FBA6F3 /* QuoteView.swift in Sources */,
				FA224D6926F17216005CC9F1 /* HabitDetailsVC.swift in Sources */,
				FA224D5F26F04442005CC9F1 /* TableViewFooter.swift in Sources */,
				FA224D6726F16E54005CC9F1 /* DetailsChartView.swift in Sources */,
				FA798DA227DF0433005D647B /* AppStoreReviewManager.swift in Sources */,
				FA3E60782762EA0C00A1A804 /* AlarmItem.swift in Sources */,
				FA360BF426C609BC00884B90 /* HabitFrequencyCell.swift in Sources */,
				FA224D7126F1A1A9005CC9F1 /* FSCalendarView.swift in Sources */,
				FAF4E6DA264A48EC0029E50D /* MenuCell.swift in Sources */,
				FAFF09AC2702E3FA008E8569 /* ChartYear.swift in Sources */,
				FABA380D26C9F1E00088254C /* HabitSaveCell.swift in Sources */,
				FAF4E6D2264A30BD0029E50D /* UIView + Ext.swift in Sources */,
				FA360BED26C4C86300884B90 /* Gradients.swift in Sources */,
				FA3E607D2766CF8100A1A804 /* CoreDataMethods.swift in Sources */,
				FAF4E6E226537DEF0029E50D /* DayLabel.swift in Sources */,
				FA3E60852769AAC500A1A804 /* Charts.swift in Sources */,
				FA09DC1D26CF17E000B58F32 /* UIImage + Ext.swift in Sources */,
				FA9C1BC0276C564300869E24 /* HabitEntities.xcdatamodeld in Sources */,
				FAE8EAD527B35CE600FBA6F3 /* QuotesManager.swift in Sources */,
				FA1C73242636406300E63CBE /* HabitHomeVC.swift in Sources */,
				FAE8EAD327B35C9100FBA6F3 /* Quotes.swift in Sources */,
				FAF4E6DC265222320029E50D /* UserNotifications.swift in Sources */,
				FAF4E6D8264A47B90029E50D /* SideMenuVC.swift in Sources */,
				FA8A297C26D49C5E008CD5AE /* AboutAppVC.swift in Sources */,
				FA224D5B26F028E6005CC9F1 /* Constants.swift in Sources */,
				FAD4655627FFD0A300E6CF7A /* EmailFeedback.swift in Sources */,
				FA360BFA26C62C6A00884B90 /* HabitColorCell.swift in Sources */,
				FA79D76928213F37004E0CAC /* ScrollViewPage.swift in Sources */,
				FA8A297426D3B319008CD5AE /* DarkModeView.swift in Sources */,
				FAC720AD28405D6A00E0B347 /* UIDate + Ext.swift in Sources */,
				FA1C73292636491A00E63CBE /* HabitCell.swift in Sources */,
				FAC720AF28405EAC00E0B347 /* UIDatePicker + Ext.swift in Sources */,
				FA175EDC2754C8D80067D2A5 /* LoadingScreenVC.swift in Sources */,
				FAF4E6CB2648F30B0029E50D /* DatePicker.swift in Sources */,
				FA1C7306263636D800E63CBE /* AppDelegate.swift in Sources */,
				FAC19AC9279A7D1F0067D894 /* UISegmentedControl + Ext.swift in Sources */,
				FA79D755281A22B8004E0CAC /* ChartProgressView.swift in Sources */,
				FA798DA427E03C60005D647B /* UIDevice + Ext.swift in Sources */,
				FA79D7672820F318004E0CAC /* SettingsFuncs.swift in Sources */,
				FA1C733426365CFA00E63CBE /* TitleLabel.swift in Sources */,
				FAC720B12840770700E0B347 /* UITableView + Ext.swift in Sources */,
				FAC720AB283DA49D00E0B347 /* CustomStackView.swift in Sources */,
				FAC720B528408B2100E0B347 /* UIViewController + Ext.swift in Sources */,
				FAC720B3284089C100E0B347 /* BoldLabel.swift in Sources */,
				FA212C4A2639181000BFDA3F /* HabitTextField.swift in Sources */,
				FA1AB1C52822B69C0097A3AA /* NewHabitVC.swift in Sources */,
				FA224D6526F16BAD005CC9F1 /* DetailsStreakView.swift in Sources */,
				FA8A297626D3BA91008CD5AE /* DarkModeVC.swift in Sources */,
				FAB0D25C26B8DEAC0095B12E /* UIApplication + Ext.swift in Sources */,
				FA360BF626C6120100884B90 /* HabitIconCell.swift in Sources */,
				FA360BF826C6151600884B90 /* HabitReminderCell.swift in Sources */,
				FAF4E716265F445E0029E50D /* PageControl.swift in Sources */,
				FA1C7308263636D800E63CBE /* SceneDelegate.swift in Sources */,
				FAF4E6E426549DDC0029E50D /* DayButton.swift in Sources */,
				FAFF09AE27046E93008E8569 /* ChartCollectionViewCell.swift in Sources */,
				FABA380A26C7DF650088254C /* GradientButton.swift in Sources */,
				FA224D6126F0A815005CC9F1 /* DetailsCalendarView.swift in Sources */,
				FAF4E718265F456E0029E50D /* ScrollView.swift in Sources */,
			);
			runOnlyForDeploymentPostprocessing = 0;
		};
/* End PBXSourcesBuildPhase section */

/* Begin XCBuildConfiguration section */
		FA1C7314263636DA00E63CBE /* Debug */ = {
			isa = XCBuildConfiguration;
			buildSettings = {
				ALWAYS_SEARCH_USER_PATHS = NO;
				CLANG_ANALYZER_NONNULL = YES;
				CLANG_ANALYZER_NUMBER_OBJECT_CONVERSION = YES_AGGRESSIVE;
				CLANG_CXX_LANGUAGE_STANDARD = "gnu++14";
				CLANG_CXX_LIBRARY = "libc++";
				CLANG_ENABLE_MODULES = YES;
				CLANG_ENABLE_OBJC_ARC = YES;
				CLANG_ENABLE_OBJC_WEAK = YES;
				CLANG_WARN_BLOCK_CAPTURE_AUTORELEASING = YES;
				CLANG_WARN_BOOL_CONVERSION = YES;
				CLANG_WARN_COMMA = YES;
				CLANG_WARN_CONSTANT_CONVERSION = YES;
				CLANG_WARN_DEPRECATED_OBJC_IMPLEMENTATIONS = YES;
				CLANG_WARN_DIRECT_OBJC_ISA_USAGE = YES_ERROR;
				CLANG_WARN_DOCUMENTATION_COMMENTS = YES;
				CLANG_WARN_EMPTY_BODY = YES;
				CLANG_WARN_ENUM_CONVERSION = YES;
				CLANG_WARN_INFINITE_RECURSION = YES;
				CLANG_WARN_INT_CONVERSION = YES;
				CLANG_WARN_NON_LITERAL_NULL_CONVERSION = YES;
				CLANG_WARN_OBJC_IMPLICIT_RETAIN_SELF = YES;
				CLANG_WARN_OBJC_LITERAL_CONVERSION = YES;
				CLANG_WARN_OBJC_ROOT_CLASS = YES_ERROR;
				CLANG_WARN_QUOTED_INCLUDE_IN_FRAMEWORK_HEADER = YES;
				CLANG_WARN_RANGE_LOOP_ANALYSIS = YES;
				CLANG_WARN_STRICT_PROTOTYPES = YES;
				CLANG_WARN_SUSPICIOUS_MOVE = YES;
				CLANG_WARN_UNGUARDED_AVAILABILITY = YES_AGGRESSIVE;
				CLANG_WARN_UNREACHABLE_CODE = YES;
				CLANG_WARN__DUPLICATE_METHOD_MATCH = YES;
				COPY_PHASE_STRIP = NO;
				DEBUG_INFORMATION_FORMAT = dwarf;
				ENABLE_STRICT_OBJC_MSGSEND = YES;
				ENABLE_TESTABILITY = YES;
				GCC_C_LANGUAGE_STANDARD = gnu11;
				GCC_DYNAMIC_NO_PIC = NO;
				GCC_NO_COMMON_BLOCKS = YES;
				GCC_OPTIMIZATION_LEVEL = 0;
				GCC_PREPROCESSOR_DEFINITIONS = (
					"DEBUG=1",
					"$(inherited)",
				);
				GCC_WARN_64_TO_32_BIT_CONVERSION = YES;
				GCC_WARN_ABOUT_RETURN_TYPE = YES_ERROR;
				GCC_WARN_UNDECLARED_SELECTOR = YES;
				GCC_WARN_UNINITIALIZED_AUTOS = YES_AGGRESSIVE;
				GCC_WARN_UNUSED_FUNCTION = YES;
				GCC_WARN_UNUSED_VARIABLE = YES;
				IPHONEOS_DEPLOYMENT_TARGET = 14.3;
				MTL_ENABLE_DEBUG_INFO = INCLUDE_SOURCE;
				MTL_FAST_MATH = YES;
				ONLY_ACTIVE_ARCH = YES;
				SDKROOT = iphoneos;
				SWIFT_ACTIVE_COMPILATION_CONDITIONS = DEBUG;
				SWIFT_OPTIMIZATION_LEVEL = "-Onone";
			};
			name = Debug;
		};
		FA1C7315263636DA00E63CBE /* Release */ = {
			isa = XCBuildConfiguration;
			buildSettings = {
				ALWAYS_SEARCH_USER_PATHS = NO;
				CLANG_ANALYZER_NONNULL = YES;
				CLANG_ANALYZER_NUMBER_OBJECT_CONVERSION = YES_AGGRESSIVE;
				CLANG_CXX_LANGUAGE_STANDARD = "gnu++14";
				CLANG_CXX_LIBRARY = "libc++";
				CLANG_ENABLE_MODULES = YES;
				CLANG_ENABLE_OBJC_ARC = YES;
				CLANG_ENABLE_OBJC_WEAK = YES;
				CLANG_WARN_BLOCK_CAPTURE_AUTORELEASING = YES;
				CLANG_WARN_BOOL_CONVERSION = YES;
				CLANG_WARN_COMMA = YES;
				CLANG_WARN_CONSTANT_CONVERSION = YES;
				CLANG_WARN_DEPRECATED_OBJC_IMPLEMENTATIONS = YES;
				CLANG_WARN_DIRECT_OBJC_ISA_USAGE = YES_ERROR;
				CLANG_WARN_DOCUMENTATION_COMMENTS = YES;
				CLANG_WARN_EMPTY_BODY = YES;
				CLANG_WARN_ENUM_CONVERSION = YES;
				CLANG_WARN_INFINITE_RECURSION = YES;
				CLANG_WARN_INT_CONVERSION = YES;
				CLANG_WARN_NON_LITERAL_NULL_CONVERSION = YES;
				CLANG_WARN_OBJC_IMPLICIT_RETAIN_SELF = YES;
				CLANG_WARN_OBJC_LITERAL_CONVERSION = YES;
				CLANG_WARN_OBJC_ROOT_CLASS = YES_ERROR;
				CLANG_WARN_QUOTED_INCLUDE_IN_FRAMEWORK_HEADER = YES;
				CLANG_WARN_RANGE_LOOP_ANALYSIS = YES;
				CLANG_WARN_STRICT_PROTOTYPES = YES;
				CLANG_WARN_SUSPICIOUS_MOVE = YES;
				CLANG_WARN_UNGUARDED_AVAILABILITY = YES_AGGRESSIVE;
				CLANG_WARN_UNREACHABLE_CODE = YES;
				CLANG_WARN__DUPLICATE_METHOD_MATCH = YES;
				COPY_PHASE_STRIP = NO;
				DEBUG_INFORMATION_FORMAT = "dwarf-with-dsym";
				ENABLE_NS_ASSERTIONS = NO;
				ENABLE_STRICT_OBJC_MSGSEND = YES;
				GCC_C_LANGUAGE_STANDARD = gnu11;
				GCC_NO_COMMON_BLOCKS = YES;
				GCC_WARN_64_TO_32_BIT_CONVERSION = YES;
				GCC_WARN_ABOUT_RETURN_TYPE = YES_ERROR;
				GCC_WARN_UNDECLARED_SELECTOR = YES;
				GCC_WARN_UNINITIALIZED_AUTOS = YES_AGGRESSIVE;
				GCC_WARN_UNUSED_FUNCTION = YES;
				GCC_WARN_UNUSED_VARIABLE = YES;
				IPHONEOS_DEPLOYMENT_TARGET = 14.3;
				MTL_ENABLE_DEBUG_INFO = NO;
				MTL_FAST_MATH = YES;
				SDKROOT = iphoneos;
				SWIFT_COMPILATION_MODE = wholemodule;
				SWIFT_OPTIMIZATION_LEVEL = "-O";
				VALIDATE_PRODUCT = YES;
			};
			name = Release;
		};
		FA1C7317263636DA00E63CBE /* Debug */ = {
			isa = XCBuildConfiguration;
			baseConfigurationReference = 2FF57C4A93B664F2B8DAF532 /* Pods-Habits.debug.xcconfig */;
			buildSettings = {
				ASSETCATALOG_COMPILER_APPICON_NAME = AppIcon;
				ASSETCATALOG_COMPILER_GLOBAL_ACCENT_COLOR_NAME = AccentColor;
				CODE_SIGN_ENTITLEMENTS = Habits/Habits.entitlements;
				CODE_SIGN_STYLE = Automatic;
				DEVELOPMENT_TEAM = R8V696537A;
				INFOPLIST_FILE = "$(SRCROOT)/Support/Info.plist";
				LD_RUNPATH_SEARCH_PATHS = (
					"$(inherited)",
					"@executable_path/Frameworks",
				);
				MARKETING_VERSION = 1.2.1;
				PRODUCT_BUNDLE_IDENTIFIER = "com.AlexThompson.Habit-Builder";
				PRODUCT_NAME = "$(TARGET_NAME)";
				SWIFT_VERSION = 5.0;
				TARGETED_DEVICE_FAMILY = 1;
			};
			name = Debug;
		};
		FA1C7318263636DA00E63CBE /* Release */ = {
			isa = XCBuildConfiguration;
			baseConfigurationReference = 2B9A87DC47397BE1B1C251BF /* Pods-Habits.release.xcconfig */;
			buildSettings = {
				ASSETCATALOG_COMPILER_APPICON_NAME = AppIcon;
				ASSETCATALOG_COMPILER_GLOBAL_ACCENT_COLOR_NAME = AccentColor;
				CODE_SIGN_ENTITLEMENTS = Habits/Habits.entitlements;
				CODE_SIGN_STYLE = Automatic;
				DEVELOPMENT_TEAM = R8V696537A;
				INFOPLIST_FILE = "$(SRCROOT)/Support/Info.plist";
				LD_RUNPATH_SEARCH_PATHS = (
					"$(inherited)",
					"@executable_path/Frameworks",
				);
				MARKETING_VERSION = 1.2.1;
				PRODUCT_BUNDLE_IDENTIFIER = "com.AlexThompson.Habit-Builder";
				PRODUCT_NAME = "$(TARGET_NAME)";
				SWIFT_VERSION = 5.0;
				TARGETED_DEVICE_FAMILY = 1;
			};
			name = Release;
		};
/* End XCBuildConfiguration section */

/* Begin XCConfigurationList section */
		FA1C72FD263636D800E63CBE /* Build configuration list for PBXProject "Habits" */ = {
			isa = XCConfigurationList;
			buildConfigurations = (
				FA1C7314263636DA00E63CBE /* Debug */,
				FA1C7315263636DA00E63CBE /* Release */,
			);
			defaultConfigurationIsVisible = 0;
			defaultConfigurationName = Release;
		};
		FA1C7316263636DA00E63CBE /* Build configuration list for PBXNativeTarget "Habits" */ = {
			isa = XCConfigurationList;
			buildConfigurations = (
				FA1C7317263636DA00E63CBE /* Debug */,
				FA1C7318263636DA00E63CBE /* Release */,
			);
			defaultConfigurationIsVisible = 0;
			defaultConfigurationName = Release;
		};
/* End XCConfigurationList section */

/* Begin XCVersionGroup section */
		FA3E60792766C3C400A1A804 /* HabitEntities.xcdatamodeld */ = {
			isa = XCVersionGroup;
			children = (
				FA3E607A2766C3C400A1A804 /* HabitEntities.xcdatamodel */,
			);
			currentVersion = FA3E607A2766C3C400A1A804 /* HabitEntities.xcdatamodel */;
			path = HabitEntities.xcdatamodeld;
			sourceTree = "<group>";
			versionGroupType = wrapper.xcdatamodel;
		};
/* End XCVersionGroup section */
	};
	rootObject = FA1C72FA263636D800E63CBE /* Project object */;
}
