// !$*UTF8*$!
{
	archiveVersion = 1;
	classes = {
	};
	objectVersion = 51;
	objects = {

/* Begin PBXBuildFile section */
		3CC551A27B6840B7BDF879AB /* Pods_Habits.framework in Frameworks */ = {isa = PBXBuildFile; fileRef = 838E44C3241E759CB1015ADF /* Pods_Habits.framework */; };
		FA09DC1D26CF17E000B58F32 /* UIImage + Ext.swift in Sources */ = {isa = PBXBuildFile; fileRef = FA09DC1C26CF17E000B58F32 /* UIImage + Ext.swift */; };
		FA09DC1F26CF30C700B58F32 /* GradientView.swift in Sources */ = {isa = PBXBuildFile; fileRef = FA09DC1E26CF30C700B58F32 /* GradientView.swift */; };
		FA1C7306263636D800E63CBE /* AppDelegate.swift in Sources */ = {isa = PBXBuildFile; fileRef = FA1C7305263636D800E63CBE /* AppDelegate.swift */; };
		FA1C7308263636D800E63CBE /* SceneDelegate.swift in Sources */ = {isa = PBXBuildFile; fileRef = FA1C7307263636D800E63CBE /* SceneDelegate.swift */; };
		FA1C730F263636DA00E63CBE /* Assets.xcassets in Resources */ = {isa = PBXBuildFile; fileRef = FA1C730E263636DA00E63CBE /* Assets.xcassets */; };
		FA1C73242636406300E63CBE /* HabitVC.swift in Sources */ = {isa = PBXBuildFile; fileRef = FA1C73232636406300E63CBE /* HabitVC.swift */; };
		FA1C73292636491A00E63CBE /* HabitCell.swift in Sources */ = {isa = PBXBuildFile; fileRef = FA1C73282636491A00E63CBE /* HabitCell.swift */; };
		FA1C733026365AFC00E63CBE /* BodyLabel.swift in Sources */ = {isa = PBXBuildFile; fileRef = FA1C732F26365AFC00E63CBE /* BodyLabel.swift */; };
		FA1C733426365CFA00E63CBE /* TitleLabel.swift in Sources */ = {isa = PBXBuildFile; fileRef = FA1C733326365CFA00E63CBE /* TitleLabel.swift */; };
		FA1D6D8326E729AB005AA4B2 /* Animations.swift in Sources */ = {isa = PBXBuildFile; fileRef = FA1D6D8226E729AB005AA4B2 /* Animations.swift */; };
		FA212C4A2639181000BFDA3F /* HabitTextField.swift in Sources */ = {isa = PBXBuildFile; fileRef = FA212C492639181000BFDA3F /* HabitTextField.swift */; };
		FA224D5B26F028E6005CC9F1 /* Constants.swift in Sources */ = {isa = PBXBuildFile; fileRef = FA224D5A26F028E6005CC9F1 /* Constants.swift */; };
		FA224D5D26F0318B005CC9F1 /* DateFuncs.swift in Sources */ = {isa = PBXBuildFile; fileRef = FA224D5C26F0318B005CC9F1 /* DateFuncs.swift */; };
		FA224D5F26F04442005CC9F1 /* TableViewFooter.swift in Sources */ = {isa = PBXBuildFile; fileRef = FA224D5E26F04442005CC9F1 /* TableViewFooter.swift */; };
		FA224D6126F0A815005CC9F1 /* HabitDetailsCalendarView.swift in Sources */ = {isa = PBXBuildFile; fileRef = FA224D6026F0A815005CC9F1 /* HabitDetailsCalendarView.swift */; };
		FA224D6526F16BAD005CC9F1 /* HabitDetailsStreakView.swift in Sources */ = {isa = PBXBuildFile; fileRef = FA224D6426F16BAD005CC9F1 /* HabitDetailsStreakView.swift */; };
		FA224D6726F16E54005CC9F1 /* HabitDetailsChartView.swift in Sources */ = {isa = PBXBuildFile; fileRef = FA224D6626F16E54005CC9F1 /* HabitDetailsChartView.swift */; };
		FA224D6926F17216005CC9F1 /* DetailsVCViewController.swift in Sources */ = {isa = PBXBuildFile; fileRef = FA224D6826F17216005CC9F1 /* DetailsVCViewController.swift */; };
		FA224D7126F1A1A9005CC9F1 /* FSCalendarView.swift in Sources */ = {isa = PBXBuildFile; fileRef = FA224D7026F1A1A9005CC9F1 /* FSCalendarView.swift */; };
		FA29042B26EF6B9100B7B00A /* DarkMode.swift in Sources */ = {isa = PBXBuildFile; fileRef = FA29042A26EF6B9100B7B00A /* DarkMode.swift */; };
		FA29E0DC26FAA53300426F97 /* DateModel.swift in Sources */ = {isa = PBXBuildFile; fileRef = FA29E0DB26FAA53300426F97 /* DateModel.swift */; };
		FA360BED26C4C86300884B90 /* Gradients.swift in Sources */ = {isa = PBXBuildFile; fileRef = FA360BEC26C4C86300884B90 /* Gradients.swift */; };
		FA360BEF26C603F400884B90 /* NewHabitVC.swift in Sources */ = {isa = PBXBuildFile; fileRef = FA360BEE26C603F400884B90 /* NewHabitVC.swift */; };
		FA360BF226C605C300884B90 /* HabitNameCell.swift in Sources */ = {isa = PBXBuildFile; fileRef = FA360BF126C605C300884B90 /* HabitNameCell.swift */; };
		FA360BF426C609BC00884B90 /* HabitFrequencyCell.swift in Sources */ = {isa = PBXBuildFile; fileRef = FA360BF326C609BC00884B90 /* HabitFrequencyCell.swift */; };
		FA360BF626C6120100884B90 /* IconCell.swift in Sources */ = {isa = PBXBuildFile; fileRef = FA360BF526C6120100884B90 /* IconCell.swift */; };
		FA360BF826C6151600884B90 /* ReminderCell.swift in Sources */ = {isa = PBXBuildFile; fileRef = FA360BF726C6151600884B90 /* ReminderCell.swift */; };
		FA360BFA26C62C6A00884B90 /* ColorCell.swift in Sources */ = {isa = PBXBuildFile; fileRef = FA360BF926C62C6A00884B90 /* ColorCell.swift */; };
		FA3AE20226F4240800F559BD /* HabitCoreData.xcdatamodeld in Sources */ = {isa = PBXBuildFile; fileRef = FAACA40326B4160B00B85A74 /* HabitCoreData.xcdatamodeld */; };
		FA3D5ABE26BB67FA00752732 /* CoreDataFuncs.swift in Sources */ = {isa = PBXBuildFile; fileRef = FA3D5ABD26BB67FA00752732 /* CoreDataFuncs.swift */; };
		FA8A297426D3B319008CD5AE /* DarkModeView.swift in Sources */ = {isa = PBXBuildFile; fileRef = FA8A297326D3B319008CD5AE /* DarkModeView.swift */; };
		FA8A297626D3BA91008CD5AE /* DarkModeViewController.swift in Sources */ = {isa = PBXBuildFile; fileRef = FA8A297526D3BA91008CD5AE /* DarkModeViewController.swift */; };
		FA8A297C26D49C5E008CD5AE /* AboutViewController.swift in Sources */ = {isa = PBXBuildFile; fileRef = FA8A297B26D49C5E008CD5AE /* AboutViewController.swift */; };
		FAB0D25C26B8DEAC0095B12E /* UIApplication + Ext.swift in Sources */ = {isa = PBXBuildFile; fileRef = FAB0D25B26B8DEAC0095B12E /* UIApplication + Ext.swift */; };
		FAB4EA8326CFC96300B9771D /* ChartCollectionCell.swift in Sources */ = {isa = PBXBuildFile; fileRef = FAB4EA8226CFC96300B9771D /* ChartCollectionCell.swift */; };
		FABA380A26C7DF650088254C /* GradientButton.swift in Sources */ = {isa = PBXBuildFile; fileRef = FABA380926C7DF650088254C /* GradientButton.swift */; };
		FABA380D26C9F1E00088254C /* SaveCell.swift in Sources */ = {isa = PBXBuildFile; fileRef = FABA380C26C9F1E00088254C /* SaveCell.swift */; };
		FAF4E6CB2648F30B0029E50D /* DatePicker.swift in Sources */ = {isa = PBXBuildFile; fileRef = FAF4E6CA2648F30B0029E50D /* DatePicker.swift */; };
		FAF4E6D2264A30BD0029E50D /* UIView + Ext.swift in Sources */ = {isa = PBXBuildFile; fileRef = FAF4E6D1264A30BD0029E50D /* UIView + Ext.swift */; };
		FAF4E6D8264A47B90029E50D /* MenuView.swift in Sources */ = {isa = PBXBuildFile; fileRef = FAF4E6D7264A47B90029E50D /* MenuView.swift */; };
		FAF4E6DA264A48EC0029E50D /* MenuTableViewCell.swift in Sources */ = {isa = PBXBuildFile; fileRef = FAF4E6D9264A48EC0029E50D /* MenuTableViewCell.swift */; };
		FAF4E6DC265222320029E50D /* UserNotifications.swift in Sources */ = {isa = PBXBuildFile; fileRef = FAF4E6DB265222320029E50D /* UserNotifications.swift */; };
		FAF4E6E226537DEF0029E50D /* DayLabel.swift in Sources */ = {isa = PBXBuildFile; fileRef = FAF4E6E126537DEF0029E50D /* DayLabel.swift */; };
		FAF4E6E426549DDC0029E50D /* DayButton.swift in Sources */ = {isa = PBXBuildFile; fileRef = FAF4E6E326549DDC0029E50D /* DayButton.swift */; };
		FAF4E6E6265608830029E50D /* EmptyStateView.swift in Sources */ = {isa = PBXBuildFile; fileRef = FAF4E6E5265608830029E50D /* EmptyStateView.swift */; };
		FAF4E714265F43270029E50D /* HelpScreenViewController.swift in Sources */ = {isa = PBXBuildFile; fileRef = FAF4E713265F43270029E50D /* HelpScreenViewController.swift */; };
		FAF4E716265F445E0029E50D /* PageControl.swift in Sources */ = {isa = PBXBuildFile; fileRef = FAF4E715265F445E0029E50D /* PageControl.swift */; };
		FAF4E718265F456E0029E50D /* ScrollView.swift in Sources */ = {isa = PBXBuildFile; fileRef = FAF4E717265F456E0029E50D /* ScrollView.swift */; };
/* End PBXBuildFile section */

/* Begin PBXFileReference section */
		2B9A87DC47397BE1B1C251BF /* Pods-Habits.release.xcconfig */ = {isa = PBXFileReference; includeInIndex = 1; lastKnownFileType = text.xcconfig; name = "Pods-Habits.release.xcconfig"; path = "Target Support Files/Pods-Habits/Pods-Habits.release.xcconfig"; sourceTree = "<group>"; };
		2FF57C4A93B664F2B8DAF532 /* Pods-Habits.debug.xcconfig */ = {isa = PBXFileReference; includeInIndex = 1; lastKnownFileType = text.xcconfig; name = "Pods-Habits.debug.xcconfig"; path = "Target Support Files/Pods-Habits/Pods-Habits.debug.xcconfig"; sourceTree = "<group>"; };
		838E44C3241E759CB1015ADF /* Pods_Habits.framework */ = {isa = PBXFileReference; explicitFileType = wrapper.framework; includeInIndex = 0; path = Pods_Habits.framework; sourceTree = BUILT_PRODUCTS_DIR; };
		FA09DC1C26CF17E000B58F32 /* UIImage + Ext.swift */ = {isa = PBXFileReference; lastKnownFileType = sourcecode.swift; path = "UIImage + Ext.swift"; sourceTree = "<group>"; };
		FA09DC1E26CF30C700B58F32 /* GradientView.swift */ = {isa = PBXFileReference; lastKnownFileType = sourcecode.swift; path = GradientView.swift; sourceTree = "<group>"; };
		FA1C7302263636D800E63CBE /* Habits.app */ = {isa = PBXFileReference; explicitFileType = wrapper.application; includeInIndex = 0; path = Habits.app; sourceTree = BUILT_PRODUCTS_DIR; };
		FA1C7305263636D800E63CBE /* AppDelegate.swift */ = {isa = PBXFileReference; lastKnownFileType = sourcecode.swift; path = AppDelegate.swift; sourceTree = "<group>"; };
		FA1C7307263636D800E63CBE /* SceneDelegate.swift */ = {isa = PBXFileReference; lastKnownFileType = sourcecode.swift; path = SceneDelegate.swift; sourceTree = "<group>"; };
		FA1C730E263636DA00E63CBE /* Assets.xcassets */ = {isa = PBXFileReference; lastKnownFileType = folder.assetcatalog; path = Assets.xcassets; sourceTree = "<group>"; };
		FA1C7313263636DA00E63CBE /* Info.plist */ = {isa = PBXFileReference; lastKnownFileType = text.plist.xml; path = Info.plist; sourceTree = "<group>"; };
		FA1C73232636406300E63CBE /* HabitVC.swift */ = {isa = PBXFileReference; lastKnownFileType = sourcecode.swift; path = HabitVC.swift; sourceTree = "<group>"; };
		FA1C73282636491A00E63CBE /* HabitCell.swift */ = {isa = PBXFileReference; lastKnownFileType = sourcecode.swift; path = HabitCell.swift; sourceTree = "<group>"; };
		FA1C732F26365AFC00E63CBE /* BodyLabel.swift */ = {isa = PBXFileReference; lastKnownFileType = sourcecode.swift; path = BodyLabel.swift; sourceTree = "<group>"; };
		FA1C733326365CFA00E63CBE /* TitleLabel.swift */ = {isa = PBXFileReference; lastKnownFileType = sourcecode.swift; path = TitleLabel.swift; sourceTree = "<group>"; };
		FA1D6D8226E729AB005AA4B2 /* Animations.swift */ = {isa = PBXFileReference; lastKnownFileType = sourcecode.swift; path = Animations.swift; sourceTree = "<group>"; };
		FA212C492639181000BFDA3F /* HabitTextField.swift */ = {isa = PBXFileReference; lastKnownFileType = sourcecode.swift; path = HabitTextField.swift; sourceTree = "<group>"; };
		FA224D5A26F028E6005CC9F1 /* Constants.swift */ = {isa = PBXFileReference; lastKnownFileType = sourcecode.swift; path = Constants.swift; sourceTree = "<group>"; };
		FA224D5C26F0318B005CC9F1 /* DateFuncs.swift */ = {isa = PBXFileReference; lastKnownFileType = sourcecode.swift; path = DateFuncs.swift; sourceTree = "<group>"; };
		FA224D5E26F04442005CC9F1 /* TableViewFooter.swift */ = {isa = PBXFileReference; lastKnownFileType = sourcecode.swift; path = TableViewFooter.swift; sourceTree = "<group>"; };
		FA224D6026F0A815005CC9F1 /* HabitDetailsCalendarView.swift */ = {isa = PBXFileReference; lastKnownFileType = sourcecode.swift; path = HabitDetailsCalendarView.swift; sourceTree = "<group>"; };
		FA224D6426F16BAD005CC9F1 /* HabitDetailsStreakView.swift */ = {isa = PBXFileReference; lastKnownFileType = sourcecode.swift; path = HabitDetailsStreakView.swift; sourceTree = "<group>"; };
		FA224D6626F16E54005CC9F1 /* HabitDetailsChartView.swift */ = {isa = PBXFileReference; lastKnownFileType = sourcecode.swift; path = HabitDetailsChartView.swift; sourceTree = "<group>"; };
		FA224D6826F17216005CC9F1 /* DetailsVCViewController.swift */ = {isa = PBXFileReference; lastKnownFileType = sourcecode.swift; path = DetailsVCViewController.swift; sourceTree = "<group>"; };
		FA224D7026F1A1A9005CC9F1 /* FSCalendarView.swift */ = {isa = PBXFileReference; lastKnownFileType = sourcecode.swift; path = FSCalendarView.swift; sourceTree = "<group>"; };
		FA29042A26EF6B9100B7B00A /* DarkMode.swift */ = {isa = PBXFileReference; lastKnownFileType = sourcecode.swift; path = DarkMode.swift; sourceTree = "<group>"; };
		FA29E0DB26FAA53300426F97 /* DateModel.swift */ = {isa = PBXFileReference; lastKnownFileType = sourcecode.swift; path = DateModel.swift; sourceTree = "<group>"; };
		FA360BEC26C4C86300884B90 /* Gradients.swift */ = {isa = PBXFileReference; lastKnownFileType = sourcecode.swift; path = Gradients.swift; sourceTree = "<group>"; };
		FA360BEE26C603F400884B90 /* NewHabitVC.swift */ = {isa = PBXFileReference; lastKnownFileType = sourcecode.swift; path = NewHabitVC.swift; sourceTree = "<group>"; };
		FA360BF126C605C300884B90 /* HabitNameCell.swift */ = {isa = PBXFileReference; lastKnownFileType = sourcecode.swift; path = HabitNameCell.swift; sourceTree = "<group>"; };
		FA360BF326C609BC00884B90 /* HabitFrequencyCell.swift */ = {isa = PBXFileReference; lastKnownFileType = sourcecode.swift; path = HabitFrequencyCell.swift; sourceTree = "<group>"; };
		FA360BF526C6120100884B90 /* IconCell.swift */ = {isa = PBXFileReference; lastKnownFileType = sourcecode.swift; path = IconCell.swift; sourceTree = "<group>"; };
		FA360BF726C6151600884B90 /* ReminderCell.swift */ = {isa = PBXFileReference; lastKnownFileType = sourcecode.swift; path = ReminderCell.swift; sourceTree = "<group>"; };
		FA360BF926C62C6A00884B90 /* ColorCell.swift */ = {isa = PBXFileReference; lastKnownFileType = sourcecode.swift; path = ColorCell.swift; sourceTree = "<group>"; };
		FA3D5ABD26BB67FA00752732 /* CoreDataFuncs.swift */ = {isa = PBXFileReference; lastKnownFileType = sourcecode.swift; path = CoreDataFuncs.swift; sourceTree = "<group>"; };
		FA8A297326D3B319008CD5AE /* DarkModeView.swift */ = {isa = PBXFileReference; lastKnownFileType = sourcecode.swift; path = DarkModeView.swift; sourceTree = "<group>"; };
		FA8A297526D3BA91008CD5AE /* DarkModeViewController.swift */ = {isa = PBXFileReference; lastKnownFileType = sourcecode.swift; path = DarkModeViewController.swift; sourceTree = "<group>"; };
		FA8A297B26D49C5E008CD5AE /* AboutViewController.swift */ = {isa = PBXFileReference; lastKnownFileType = sourcecode.swift; path = AboutViewController.swift; sourceTree = "<group>"; };
		FAACA40426B4160B00B85A74 /* HabitCoreData.xcdatamodel */ = {isa = PBXFileReference; lastKnownFileType = wrapper.xcdatamodel; path = HabitCoreData.xcdatamodel; sourceTree = "<group>"; };
		FAB0D25B26B8DEAC0095B12E /* UIApplication + Ext.swift */ = {isa = PBXFileReference; lastKnownFileType = sourcecode.swift; path = "UIApplication + Ext.swift"; sourceTree = "<group>"; };
		FAB4EA8226CFC96300B9771D /* ChartCollectionCell.swift */ = {isa = PBXFileReference; lastKnownFileType = sourcecode.swift; path = ChartCollectionCell.swift; sourceTree = "<group>"; };
		FABA380926C7DF650088254C /* GradientButton.swift */ = {isa = PBXFileReference; lastKnownFileType = sourcecode.swift; path = GradientButton.swift; sourceTree = "<group>"; };
		FABA380C26C9F1E00088254C /* SaveCell.swift */ = {isa = PBXFileReference; lastKnownFileType = sourcecode.swift; path = SaveCell.swift; sourceTree = "<group>"; };
		FAF4E6CA2648F30B0029E50D /* DatePicker.swift */ = {isa = PBXFileReference; lastKnownFileType = sourcecode.swift; path = DatePicker.swift; sourceTree = "<group>"; };
		FAF4E6D1264A30BD0029E50D /* UIView + Ext.swift */ = {isa = PBXFileReference; lastKnownFileType = sourcecode.swift; path = "UIView + Ext.swift"; sourceTree = "<group>"; };
		FAF4E6D7264A47B90029E50D /* MenuView.swift */ = {isa = PBXFileReference; lastKnownFileType = sourcecode.swift; path = MenuView.swift; sourceTree = "<group>"; };
		FAF4E6D9264A48EC0029E50D /* MenuTableViewCell.swift */ = {isa = PBXFileReference; lastKnownFileType = sourcecode.swift; path = MenuTableViewCell.swift; sourceTree = "<group>"; };
		FAF4E6DB265222320029E50D /* UserNotifications.swift */ = {isa = PBXFileReference; lastKnownFileType = sourcecode.swift; path = UserNotifications.swift; sourceTree = "<group>"; };
		FAF4E6E126537DEF0029E50D /* DayLabel.swift */ = {isa = PBXFileReference; lastKnownFileType = sourcecode.swift; path = DayLabel.swift; sourceTree = "<group>"; };
		FAF4E6E326549DDC0029E50D /* DayButton.swift */ = {isa = PBXFileReference; lastKnownFileType = sourcecode.swift; path = DayButton.swift; sourceTree = "<group>"; };
		FAF4E6E5265608830029E50D /* EmptyStateView.swift */ = {isa = PBXFileReference; lastKnownFileType = sourcecode.swift; path = EmptyStateView.swift; sourceTree = "<group>"; };
		FAF4E713265F43270029E50D /* HelpScreenViewController.swift */ = {isa = PBXFileReference; lastKnownFileType = sourcecode.swift; path = HelpScreenViewController.swift; sourceTree = "<group>"; };
		FAF4E715265F445E0029E50D /* PageControl.swift */ = {isa = PBXFileReference; lastKnownFileType = sourcecode.swift; path = PageControl.swift; sourceTree = "<group>"; };
		FAF4E717265F456E0029E50D /* ScrollView.swift */ = {isa = PBXFileReference; lastKnownFileType = sourcecode.swift; path = ScrollView.swift; sourceTree = "<group>"; };
/* End PBXFileReference section */

/* Begin PBXFrameworksBuildPhase section */
		FA1C72FF263636D800E63CBE /* Frameworks */ = {
			isa = PBXFrameworksBuildPhase;
			buildActionMask = 2147483647;
			files = (
				3CC551A27B6840B7BDF879AB /* Pods_Habits.framework in Frameworks */,
			);
			runOnlyForDeploymentPostprocessing = 0;
		};
/* End PBXFrameworksBuildPhase section */

/* Begin PBXGroup section */
		640066CB0149AB90DF9191D8 /* Frameworks */ = {
			isa = PBXGroup;
			children = (
				838E44C3241E759CB1015ADF /* Pods_Habits.framework */,
			);
			name = Frameworks;
			sourceTree = "<group>";
		};
		8ECFE9FDD09F07713240F490 /* Pods */ = {
			isa = PBXGroup;
			children = (
				2FF57C4A93B664F2B8DAF532 /* Pods-Habits.debug.xcconfig */,
				2B9A87DC47397BE1B1C251BF /* Pods-Habits.release.xcconfig */,
			);
			path = Pods;
			sourceTree = "<group>";
		};
		FA1C72F9263636D800E63CBE = {
			isa = PBXGroup;
			children = (
				FAACA40326B4160B00B85A74 /* HabitCoreData.xcdatamodeld */,
				FA1C7304263636D800E63CBE /* Habits */,
				FA29042D26F00F5A00B7B00A /* Support */,
				FA1C7303263636D800E63CBE /* Products */,
				8ECFE9FDD09F07713240F490 /* Pods */,
				640066CB0149AB90DF9191D8 /* Frameworks */,
			);
			sourceTree = "<group>";
		};
		FA1C7303263636D800E63CBE /* Products */ = {
			isa = PBXGroup;
			children = (
				FA1C7302263636D800E63CBE /* Habits.app */,
			);
			name = Products;
			sourceTree = "<group>";
		};
		FA1C7304263636D800E63CBE /* Habits */ = {
			isa = PBXGroup;
			children = (
				FAF4E6D0264A309E0029E50D /* Extensions */,
				FA212C4B263A3DCD00BFDA3F /* Model */,
				FA212C48263917FE00BFDA3F /* TextFields */,
				FA1C73412637CD1C00E63CBE /* Views */,
				FA1C733626379DC900E63CBE /* Buttons */,
				FA1C732E263659D100E63CBE /* Labels */,
				FA1C7327263648F400E63CBE /* Cells */,
				FA360BF026C6058500884B90 /* NewHabitCells */,
				FA1C73222636404500E63CBE /* Screens */,
				FA29042C26F00F1E00B7B00A /* Controller */,
			);
			path = Habits;
			sourceTree = "<group>";
		};
		FA1C73222636404500E63CBE /* Screens */ = {
			isa = PBXGroup;
			children = (
				FA1C73232636406300E63CBE /* HabitVC.swift */,
				FA360BEE26C603F400884B90 /* NewHabitVC.swift */,
				FA224D6826F17216005CC9F1 /* DetailsVCViewController.swift */,
				FAF4E713265F43270029E50D /* HelpScreenViewController.swift */,
				FAF4E6D7264A47B90029E50D /* MenuView.swift */,
				FAF4E6E5265608830029E50D /* EmptyStateView.swift */,
				FA8A297526D3BA91008CD5AE /* DarkModeViewController.swift */,
				FA8A297B26D49C5E008CD5AE /* AboutViewController.swift */,
			);
			path = Screens;
			sourceTree = "<group>";
		};
		FA1C7327263648F400E63CBE /* Cells */ = {
			isa = PBXGroup;
			children = (
				FAF4E6D9264A48EC0029E50D /* MenuTableViewCell.swift */,
				FA1C73282636491A00E63CBE /* HabitCell.swift */,
				FAB4EA8226CFC96300B9771D /* ChartCollectionCell.swift */,
			);
			path = Cells;
			sourceTree = "<group>";
		};
		FA1C732E263659D100E63CBE /* Labels */ = {
			isa = PBXGroup;
			children = (
				FA1C732F26365AFC00E63CBE /* BodyLabel.swift */,
				FA1C733326365CFA00E63CBE /* TitleLabel.swift */,
				FAF4E6E126537DEF0029E50D /* DayLabel.swift */,
			);
			path = Labels;
			sourceTree = "<group>";
		};
		FA1C733626379DC900E63CBE /* Buttons */ = {
			isa = PBXGroup;
			children = (
				FAF4E6E326549DDC0029E50D /* DayButton.swift */,
				FABA380926C7DF650088254C /* GradientButton.swift */,
			);
			path = Buttons;
			sourceTree = "<group>";
		};
		FA1C73412637CD1C00E63CBE /* Views */ = {
			isa = PBXGroup;
			children = (
				FA09DC1E26CF30C700B58F32 /* GradientView.swift */,
				FA8A297326D3B319008CD5AE /* DarkModeView.swift */,
				FA224D5E26F04442005CC9F1 /* TableViewFooter.swift */,
				FA224D6026F0A815005CC9F1 /* HabitDetailsCalendarView.swift */,
				FA224D6426F16BAD005CC9F1 /* HabitDetailsStreakView.swift */,
				FA224D6626F16E54005CC9F1 /* HabitDetailsChartView.swift */,
			);
			path = Views;
			sourceTree = "<group>";
		};
		FA212C48263917FE00BFDA3F /* TextFields */ = {
			isa = PBXGroup;
			children = (
				FA212C492639181000BFDA3F /* HabitTextField.swift */,
			);
			path = TextFields;
			sourceTree = "<group>";
		};
		FA212C4B263A3DCD00BFDA3F /* Model */ = {
			isa = PBXGroup;
			children = (
				FA224D7826F4177A005CC9F1 /* CoreData */,
				FAF4E6CA2648F30B0029E50D /* DatePicker.swift */,
				FAF4E6DB265222320029E50D /* UserNotifications.swift */,
				FAF4E715265F445E0029E50D /* PageControl.swift */,
				FAF4E717265F456E0029E50D /* ScrollView.swift */,
				FA3D5ABD26BB67FA00752732 /* CoreDataFuncs.swift */,
				FA360BEC26C4C86300884B90 /* Gradients.swift */,
				FA29042A26EF6B9100B7B00A /* DarkMode.swift */,
				FA224D5A26F028E6005CC9F1 /* Constants.swift */,
				FA224D5C26F0318B005CC9F1 /* DateFuncs.swift */,
				FA224D7026F1A1A9005CC9F1 /* FSCalendarView.swift */,
				FA29E0DB26FAA53300426F97 /* DateModel.swift */,
			);
			path = Model;
			sourceTree = "<group>";
		};
		FA224D7826F4177A005CC9F1 /* CoreData */ = {
			isa = PBXGroup;
			children = (
			);
			path = CoreData;
			sourceTree = "<group>";
		};
		FA29042C26F00F1E00B7B00A /* Controller */ = {
			isa = PBXGroup;
			children = (
			);
			path = Controller;
			sourceTree = "<group>";
		};
		FA29042D26F00F5A00B7B00A /* Support */ = {
			isa = PBXGroup;
			children = (
				FA1C7305263636D800E63CBE /* AppDelegate.swift */,
				FA1C7307263636D800E63CBE /* SceneDelegate.swift */,
				FA1C730E263636DA00E63CBE /* Assets.xcassets */,
				FA1C7313263636DA00E63CBE /* Info.plist */,
			);
			path = Support;
			sourceTree = "<group>";
		};
		FA360BF026C6058500884B90 /* NewHabitCells */ = {
			isa = PBXGroup;
			children = (
				FA360BF126C605C300884B90 /* HabitNameCell.swift */,
				FA360BF326C609BC00884B90 /* HabitFrequencyCell.swift */,
				FA360BF926C62C6A00884B90 /* ColorCell.swift */,
				FA360BF526C6120100884B90 /* IconCell.swift */,
				FA360BF726C6151600884B90 /* ReminderCell.swift */,
				FABA380C26C9F1E00088254C /* SaveCell.swift */,
			);
			path = NewHabitCells;
			sourceTree = "<group>";
		};
		FAF4E6D0264A309E0029E50D /* Extensions */ = {
			isa = PBXGroup;
			children = (
				FAF4E6D1264A30BD0029E50D /* UIView + Ext.swift */,
				FAB0D25B26B8DEAC0095B12E /* UIApplication + Ext.swift */,
				FA09DC1C26CF17E000B58F32 /* UIImage + Ext.swift */,
				FA1D6D8226E729AB005AA4B2 /* Animations.swift */,
			);
			path = Extensions;
			sourceTree = "<group>";
		};
/* End PBXGroup section */

/* Begin PBXNativeTarget section */
		FA1C7301263636D800E63CBE /* Habits */ = {
			isa = PBXNativeTarget;
			buildConfigurationList = FA1C7316263636DA00E63CBE /* Build configuration list for PBXNativeTarget "Habits" */;
			buildPhases = (
				C401B4B55B2A8B7C517DA3C7 /* [CP] Check Pods Manifest.lock */,
				FA1C72FE263636D800E63CBE /* Sources */,
				FA1C72FF263636D800E63CBE /* Frameworks */,
				FA1C7300263636D800E63CBE /* Resources */,
				02DB50908AD0D139426F1EC1 /* [CP] Embed Pods Frameworks */,
			);
			buildRules = (
			);
			dependencies = (
			);
			name = Habits;
			productName = Habits;
			productReference = FA1C7302263636D800E63CBE /* Habits.app */;
			productType = "com.apple.product-type.application";
		};
/* End PBXNativeTarget section */

/* Begin PBXProject section */
		FA1C72FA263636D800E63CBE /* Project object */ = {
			isa = PBXProject;
			attributes = {
				LastSwiftUpdateCheck = 1240;
				LastUpgradeCheck = 1240;
				TargetAttributes = {
					FA1C7301263636D800E63CBE = {
						CreatedOnToolsVersion = 12.4;
					};
				};
			};
			buildConfigurationList = FA1C72FD263636D800E63CBE /* Build configuration list for PBXProject "Habits" */;
			compatibilityVersion = "Xcode 9.3";
			developmentRegion = en;
			hasScannedForEncodings = 0;
			knownRegions = (
				en,
				Base,
			);
			mainGroup = FA1C72F9263636D800E63CBE;
			productRefGroup = FA1C7303263636D800E63CBE /* Products */;
			projectDirPath = "";
			projectRoot = "";
			targets = (
				FA1C7301263636D800E63CBE /* Habits */,
			);
		};
/* End PBXProject section */

/* Begin PBXResourcesBuildPhase section */
		FA1C7300263636D800E63CBE /* Resources */ = {
			isa = PBXResourcesBuildPhase;
			buildActionMask = 2147483647;
			files = (
				FA1C730F263636DA00E63CBE /* Assets.xcassets in Resources */,
			);
			runOnlyForDeploymentPostprocessing = 0;
		};
/* End PBXResourcesBuildPhase section */

/* Begin PBXShellScriptBuildPhase section */
		02DB50908AD0D139426F1EC1 /* [CP] Embed Pods Frameworks */ = {
			isa = PBXShellScriptBuildPhase;
			buildActionMask = 2147483647;
			files = (
			);
			inputFileListPaths = (
				"${PODS_ROOT}/Target Support Files/Pods-Habits/Pods-Habits-frameworks-${CONFIGURATION}-input-files.xcfilelist",
			);
			name = "[CP] Embed Pods Frameworks";
			outputFileListPaths = (
				"${PODS_ROOT}/Target Support Files/Pods-Habits/Pods-Habits-frameworks-${CONFIGURATION}-output-files.xcfilelist",
			);
			runOnlyForDeploymentPostprocessing = 0;
			shellPath = /bin/sh;
			shellScript = "\"${PODS_ROOT}/Target Support Files/Pods-Habits/Pods-Habits-frameworks.sh\"\n";
			showEnvVarsInLog = 0;
		};
		C401B4B55B2A8B7C517DA3C7 /* [CP] Check Pods Manifest.lock */ = {
			isa = PBXShellScriptBuildPhase;
			buildActionMask = 2147483647;
			files = (
			);
			inputFileListPaths = (
			);
			inputPaths = (
				"${PODS_PODFILE_DIR_PATH}/Podfile.lock",
				"${PODS_ROOT}/Manifest.lock",
			);
			name = "[CP] Check Pods Manifest.lock";
			outputFileListPaths = (
			);
			outputPaths = (
				"$(DERIVED_FILE_DIR)/Pods-Habits-checkManifestLockResult.txt",
			);
			runOnlyForDeploymentPostprocessing = 0;
			shellPath = /bin/sh;
			shellScript = "diff \"${PODS_PODFILE_DIR_PATH}/Podfile.lock\" \"${PODS_ROOT}/Manifest.lock\" > /dev/null\nif [ $? != 0 ] ; then\n    # print error to STDERR\n    echo \"error: The sandbox is not in sync with the Podfile.lock. Run 'pod install' or update your CocoaPods installation.\" >&2\n    exit 1\nfi\n# This output is used by Xcode 'outputs' to avoid re-running this script phase.\necho \"SUCCESS\" > \"${SCRIPT_OUTPUT_FILE_0}\"\n";
			showEnvVarsInLog = 0;
		};
/* End PBXShellScriptBuildPhase section */

/* Begin PBXSourcesBuildPhase section */
		FA1C72FE263636D800E63CBE /* Sources */ = {
			isa = PBXSourcesBuildPhase;
			buildActionMask = 2147483647;
			files = (
				FA1D6D8326E729AB005AA4B2 /* Animations.swift in Sources */,
				FA1C733026365AFC00E63CBE /* BodyLabel.swift in Sources */,
				FAF4E714265F43270029E50D /* HelpScreenViewController.swift in Sources */,
				FA360BF226C605C300884B90 /* HabitNameCell.swift in Sources */,
				FA29042B26EF6B9100B7B00A /* DarkMode.swift in Sources */,
				FAF4E6E6265608830029E50D /* EmptyStateView.swift in Sources */,
				FA224D6926F17216005CC9F1 /* DetailsVCViewController.swift in Sources */,
				FA224D5F26F04442005CC9F1 /* TableViewFooter.swift in Sources */,
				FA224D6726F16E54005CC9F1 /* HabitDetailsChartView.swift in Sources */,
				FA360BF426C609BC00884B90 /* HabitFrequencyCell.swift in Sources */,
				FA3D5ABE26BB67FA00752732 /* CoreDataFuncs.swift in Sources */,
				FA224D7126F1A1A9005CC9F1 /* FSCalendarView.swift in Sources */,
				FAF4E6DA264A48EC0029E50D /* MenuTableViewCell.swift in Sources */,
				FABA380D26C9F1E00088254C /* SaveCell.swift in Sources */,
				FAF4E6D2264A30BD0029E50D /* UIView + Ext.swift in Sources */,
				FA360BED26C4C86300884B90 /* Gradients.swift in Sources */,
				FA29E0DC26FAA53300426F97 /* DateModel.swift in Sources */,
				FAF4E6E226537DEF0029E50D /* DayLabel.swift in Sources */,
				FA09DC1D26CF17E000B58F32 /* UIImage + Ext.swift in Sources */,
				FA1C73242636406300E63CBE /* HabitVC.swift in Sources */,
				FAF4E6DC265222320029E50D /* UserNotifications.swift in Sources */,
				FAF4E6D8264A47B90029E50D /* MenuView.swift in Sources */,
				FA8A297C26D49C5E008CD5AE /* AboutViewController.swift in Sources */,
				FAB4EA8326CFC96300B9771D /* ChartCollectionCell.swift in Sources */,
				FA224D5B26F028E6005CC9F1 /* Constants.swift in Sources */,
				FA3AE20226F4240800F559BD /* HabitCoreData.xcdatamodeld in Sources */,
				FA360BFA26C62C6A00884B90 /* ColorCell.swift in Sources */,
				FA8A297426D3B319008CD5AE /* DarkModeView.swift in Sources */,
				FA1C73292636491A00E63CBE /* HabitCell.swift in Sources */,
				FAF4E6CB2648F30B0029E50D /* DatePicker.swift in Sources */,
				FA1C7306263636D800E63CBE /* AppDelegate.swift in Sources */,
				FA1C733426365CFA00E63CBE /* TitleLabel.swift in Sources */,
				FA212C4A2639181000BFDA3F /* HabitTextField.swift in Sources */,
				FA224D5D26F0318B005CC9F1 /* DateFuncs.swift in Sources */,
				FA224D6526F16BAD005CC9F1 /* HabitDetailsStreakView.swift in Sources */,
				FA8A297626D3BA91008CD5AE /* DarkModeViewController.swift in Sources */,
				FAB0D25C26B8DEAC0095B12E /* UIApplication + Ext.swift in Sources */,
				FA360BF626C6120100884B90 /* IconCell.swift in Sources */,
				FA360BF826C6151600884B90 /* ReminderCell.swift in Sources */,
				FAF4E716265F445E0029E50D /* PageControl.swift in Sources */,
				FA09DC1F26CF30C700B58F32 /* GradientView.swift in Sources */,
				FA1C7308263636D800E63CBE /* SceneDelegate.swift in Sources */,
				FAF4E6E426549DDC0029E50D /* DayButton.swift in Sources */,
				FABA380A26C7DF650088254C /* GradientButton.swift in Sources */,
				FA360BEF26C603F400884B90 /* NewHabitVC.swift in Sources */,
				FA224D6126F0A815005CC9F1 /* HabitDetailsCalendarView.swift in Sources */,
				FAF4E718265F456E0029E50D /* ScrollView.swift in Sources */,
			);
			runOnlyForDeploymentPostprocessing = 0;
		};
/* End PBXSourcesBuildPhase section */

/* Begin XCBuildConfiguration section */
		FA1C7314263636DA00E63CBE /* Debug */ = {
			isa = XCBuildConfiguration;
			buildSettings = {
				ALWAYS_SEARCH_USER_PATHS = NO;
				CLANG_ANALYZER_NONNULL = YES;
				CLANG_ANALYZER_NUMBER_OBJECT_CONVERSION = YES_AGGRESSIVE;
				CLANG_CXX_LANGUAGE_STANDARD = "gnu++14";
				CLANG_CXX_LIBRARY = "libc++";
				CLANG_ENABLE_MODULES = YES;
				CLANG_ENABLE_OBJC_ARC = YES;
				CLANG_ENABLE_OBJC_WEAK = YES;
				CLANG_WARN_BLOCK_CAPTURE_AUTORELEASING = YES;
				CLANG_WARN_BOOL_CONVERSION = YES;
				CLANG_WARN_COMMA = YES;
				CLANG_WARN_CONSTANT_CONVERSION = YES;
				CLANG_WARN_DEPRECATED_OBJC_IMPLEMENTATIONS = YES;
				CLANG_WARN_DIRECT_OBJC_ISA_USAGE = YES_ERROR;
				CLANG_WARN_DOCUMENTATION_COMMENTS = YES;
				CLANG_WARN_EMPTY_BODY = YES;
				CLANG_WARN_ENUM_CONVERSION = YES;
				CLANG_WARN_INFINITE_RECURSION = YES;
				CLANG_WARN_INT_CONVERSION = YES;
				CLANG_WARN_NON_LITERAL_NULL_CONVERSION = YES;
				CLANG_WARN_OBJC_IMPLICIT_RETAIN_SELF = YES;
				CLANG_WARN_OBJC_LITERAL_CONVERSION = YES;
				CLANG_WARN_OBJC_ROOT_CLASS = YES_ERROR;
				CLANG_WARN_QUOTED_INCLUDE_IN_FRAMEWORK_HEADER = YES;
				CLANG_WARN_RANGE_LOOP_ANALYSIS = YES;
				CLANG_WARN_STRICT_PROTOTYPES = YES;
				CLANG_WARN_SUSPICIOUS_MOVE = YES;
				CLANG_WARN_UNGUARDED_AVAILABILITY = YES_AGGRESSIVE;
				CLANG_WARN_UNREACHABLE_CODE = YES;
				CLANG_WARN__DUPLICATE_METHOD_MATCH = YES;
				COPY_PHASE_STRIP = NO;
				DEBUG_INFORMATION_FORMAT = dwarf;
				ENABLE_STRICT_OBJC_MSGSEND = YES;
				ENABLE_TESTABILITY = YES;
				GCC_C_LANGUAGE_STANDARD = gnu11;
				GCC_DYNAMIC_NO_PIC = NO;
				GCC_NO_COMMON_BLOCKS = YES;
				GCC_OPTIMIZATION_LEVEL = 0;
				GCC_PREPROCESSOR_DEFINITIONS = (
					"DEBUG=1",
					"$(inherited)",
				);
				GCC_WARN_64_TO_32_BIT_CONVERSION = YES;
				GCC_WARN_ABOUT_RETURN_TYPE = YES_ERROR;
				GCC_WARN_UNDECLARED_SELECTOR = YES;
				GCC_WARN_UNINITIALIZED_AUTOS = YES_AGGRESSIVE;
				GCC_WARN_UNUSED_FUNCTION = YES;
				GCC_WARN_UNUSED_VARIABLE = YES;
				IPHONEOS_DEPLOYMENT_TARGET = 14.3;
				MTL_ENABLE_DEBUG_INFO = INCLUDE_SOURCE;
				MTL_FAST_MATH = YES;
				ONLY_ACTIVE_ARCH = YES;
				SDKROOT = iphoneos;
				SWIFT_ACTIVE_COMPILATION_CONDITIONS = DEBUG;
				SWIFT_OPTIMIZATION_LEVEL = "-Onone";
			};
			name = Debug;
		};
		FA1C7315263636DA00E63CBE /* Release */ = {
			isa = XCBuildConfiguration;
			buildSettings = {
				ALWAYS_SEARCH_USER_PATHS = NO;
				CLANG_ANALYZER_NONNULL = YES;
				CLANG_ANALYZER_NUMBER_OBJECT_CONVERSION = YES_AGGRESSIVE;
				CLANG_CXX_LANGUAGE_STANDARD = "gnu++14";
				CLANG_CXX_LIBRARY = "libc++";
				CLANG_ENABLE_MODULES = YES;
				CLANG_ENABLE_OBJC_ARC = YES;
				CLANG_ENABLE_OBJC_WEAK = YES;
				CLANG_WARN_BLOCK_CAPTURE_AUTORELEASING = YES;
				CLANG_WARN_BOOL_CONVERSION = YES;
				CLANG_WARN_COMMA = YES;
				CLANG_WARN_CONSTANT_CONVERSION = YES;
				CLANG_WARN_DEPRECATED_OBJC_IMPLEMENTATIONS = YES;
				CLANG_WARN_DIRECT_OBJC_ISA_USAGE = YES_ERROR;
				CLANG_WARN_DOCUMENTATION_COMMENTS = YES;
				CLANG_WARN_EMPTY_BODY = YES;
				CLANG_WARN_ENUM_CONVERSION = YES;
				CLANG_WARN_INFINITE_RECURSION = YES;
				CLANG_WARN_INT_CONVERSION = YES;
				CLANG_WARN_NON_LITERAL_NULL_CONVERSION = YES;
				CLANG_WARN_OBJC_IMPLICIT_RETAIN_SELF = YES;
				CLANG_WARN_OBJC_LITERAL_CONVERSION = YES;
				CLANG_WARN_OBJC_ROOT_CLASS = YES_ERROR;
				CLANG_WARN_QUOTED_INCLUDE_IN_FRAMEWORK_HEADER = YES;
				CLANG_WARN_RANGE_LOOP_ANALYSIS = YES;
				CLANG_WARN_STRICT_PROTOTYPES = YES;
				CLANG_WARN_SUSPICIOUS_MOVE = YES;
				CLANG_WARN_UNGUARDED_AVAILABILITY = YES_AGGRESSIVE;
				CLANG_WARN_UNREACHABLE_CODE = YES;
				CLANG_WARN__DUPLICATE_METHOD_MATCH = YES;
				COPY_PHASE_STRIP = NO;
				DEBUG_INFORMATION_FORMAT = "dwarf-with-dsym";
				ENABLE_NS_ASSERTIONS = NO;
				ENABLE_STRICT_OBJC_MSGSEND = YES;
				GCC_C_LANGUAGE_STANDARD = gnu11;
				GCC_NO_COMMON_BLOCKS = YES;
				GCC_WARN_64_TO_32_BIT_CONVERSION = YES;
				GCC_WARN_ABOUT_RETURN_TYPE = YES_ERROR;
				GCC_WARN_UNDECLARED_SELECTOR = YES;
				GCC_WARN_UNINITIALIZED_AUTOS = YES_AGGRESSIVE;
				GCC_WARN_UNUSED_FUNCTION = YES;
				GCC_WARN_UNUSED_VARIABLE = YES;
				IPHONEOS_DEPLOYMENT_TARGET = 14.3;
				MTL_ENABLE_DEBUG_INFO = NO;
				MTL_FAST_MATH = YES;
				SDKROOT = iphoneos;
				SWIFT_COMPILATION_MODE = wholemodule;
				SWIFT_OPTIMIZATION_LEVEL = "-O";
				VALIDATE_PRODUCT = YES;
			};
			name = Release;
		};
		FA1C7317263636DA00E63CBE /* Debug */ = {
			isa = XCBuildConfiguration;
			baseConfigurationReference = 2FF57C4A93B664F2B8DAF532 /* Pods-Habits.debug.xcconfig */;
			buildSettings = {
				ASSETCATALOG_COMPILER_APPICON_NAME = AppIcon;
				ASSETCATALOG_COMPILER_GLOBAL_ACCENT_COLOR_NAME = AccentColor;
				CODE_SIGN_STYLE = Automatic;
				DEVELOPMENT_TEAM = R8V696537A;
				INFOPLIST_FILE = "$(SRCROOT)/Support/Info.plist";
				LD_RUNPATH_SEARCH_PATHS = (
					"$(inherited)",
					"@executable_path/Frameworks",
				);
				PRODUCT_BUNDLE_IDENTIFIER = com.AlexThompson.Habits;
				PRODUCT_NAME = "$(TARGET_NAME)";
				SWIFT_VERSION = 5.0;
				TARGETED_DEVICE_FAMILY = 1;
			};
			name = Debug;
		};
		FA1C7318263636DA00E63CBE /* Release */ = {
			isa = XCBuildConfiguration;
			baseConfigurationReference = 2B9A87DC47397BE1B1C251BF /* Pods-Habits.release.xcconfig */;
			buildSettings = {
				ASSETCATALOG_COMPILER_APPICON_NAME = AppIcon;
				ASSETCATALOG_COMPILER_GLOBAL_ACCENT_COLOR_NAME = AccentColor;
				CODE_SIGN_STYLE = Automatic;
				DEVELOPMENT_TEAM = R8V696537A;
				INFOPLIST_FILE = "$(SRCROOT)/Support/Info.plist";
				LD_RUNPATH_SEARCH_PATHS = (
					"$(inherited)",
					"@executable_path/Frameworks",
				);
				PRODUCT_BUNDLE_IDENTIFIER = com.AlexThompson.Habits;
				PRODUCT_NAME = "$(TARGET_NAME)";
				SWIFT_VERSION = 5.0;
				TARGETED_DEVICE_FAMILY = 1;
			};
			name = Release;
		};
/* End XCBuildConfiguration section */

/* Begin XCConfigurationList section */
		FA1C72FD263636D800E63CBE /* Build configuration list for PBXProject "Habits" */ = {
			isa = XCConfigurationList;
			buildConfigurations = (
				FA1C7314263636DA00E63CBE /* Debug */,
				FA1C7315263636DA00E63CBE /* Release */,
			);
			defaultConfigurationIsVisible = 0;
			defaultConfigurationName = Release;
		};
		FA1C7316263636DA00E63CBE /* Build configuration list for PBXNativeTarget "Habits" */ = {
			isa = XCConfigurationList;
			buildConfigurations = (
				FA1C7317263636DA00E63CBE /* Debug */,
				FA1C7318263636DA00E63CBE /* Release */,
			);
			defaultConfigurationIsVisible = 0;
			defaultConfigurationName = Release;
		};
/* End XCConfigurationList section */

/* Begin XCVersionGroup section */
		FAACA40326B4160B00B85A74 /* HabitCoreData.xcdatamodeld */ = {
			isa = XCVersionGroup;
			children = (
				FAACA40426B4160B00B85A74 /* HabitCoreData.xcdatamodel */,
			);
			currentVersion = FAACA40426B4160B00B85A74 /* HabitCoreData.xcdatamodel */;
			path = HabitCoreData.xcdatamodeld;
			sourceTree = "<group>";
			versionGroupType = wrapper.xcdatamodel;
		};
/* End XCVersionGroup section */
	};
	rootObject = FA1C72FA263636D800E63CBE /* Project object */;
}
